
Microsoft Visual Studio Solution File, Format Version 12.00
# Visual Studio Version 16
VisualStudioVersion = 16.0.28803.202
MinimumVisualStudioVersion = 10.0.40219.1
Project("{2150E333-8FDC-42A3-9474-1A3956D46DE8}") = "Tests", "Tests", "{C0D86BBA-36D0-4849-AC6A-BC920DD45A08}"
EndProject
Project("{8BC9CEB8-8B4A-11D0-8D11-00A0C91BC942}") = "Celeste", "Celeste\Celeste.vcxproj", "{E9980A8D-828E-44F0-978E-A57ABC348F47}"
EndProject
Project("{8BC9CEB8-8B4A-11D0-8D11-00A0C91BC942}") = "TestUtils", "TestUtils\TestUtils.vcxproj", "{7F06E53E-178C-4E7E-8F24-061F18AA402A}"
EndProject
Project("{8BC9CEB8-8B4A-11D0-8D11-00A0C91BC942}") = "TestCeleste", "TestCeleste\TestCeleste.vcxproj", "{E07541B6-55FF-4134-B937-1C62821EE5FB}"
	ProjectSection(ProjectDependencies) = postProject
		{7F06E53E-178C-4E7E-8F24-061F18AA402A} = {7F06E53E-178C-4E7E-8F24-061F18AA402A}
		{E9980A8D-828E-44F0-978E-A57ABC348F47} = {E9980A8D-828E-44F0-978E-A57ABC348F47}
	EndProjectSection
EndProject
Project("{8BC9CEB8-8B4A-11D0-8D11-00A0C91BC942}") = "CelesteTestUtils", "CelesteTestUtils\CelesteTestUtils.vcxproj", "{BB04BA24-E88D-4697-B55C-7C518AFD6BF8}"
EndProject
Project("{2150E333-8FDC-42A3-9474-1A3956D46DE8}") = "Bindings", "Bindings", "{B9299354-2778-4229-9692-4D4D8B0D33CD}"
EndProject
Project("{8BC9CEB8-8B4A-11D0-8D11-00A0C91BC942}") = "TestCelesteRuntime", "TestCelesteRuntime\TestCelesteRuntime.vcxproj", "{A51B7AB5-82CB-41E4-970A-2034F81EE3FA}"
EndProject
Project("{2150E333-8FDC-42A3-9474-1A3956D46DE8}") = "DevTools", "DevTools", "{0A1FB913-AB25-44BF-A486-DE0081D5B541}"
EndProject
Project("{8BC9CEB8-8B4A-11D0-8D11-00A0C91BC942}") = "BindingsGenerator", "BindingsGenerator\BindingsGenerator.vcxproj", "{F357C745-6FAA-49A8-A895-0D4D35374929}"
EndProject
Project("{FAE04EC0-301F-11D3-BF4B-00C04F79EFBC}") = "BindingsKernel", "BindingsKernel\BindingsKernel.csproj", "{CBD493A8-DFC5-444A-9BC6-CA02CCD76410}"
EndProject
Project("{2150E333-8FDC-42A3-9474-1A3956D46DE8}") = "Editor", "Editor", "{5D2179DE-2BF2-4E86-AA57-A26FA793F459}"
EndProject
Project("{FAE04EC0-301F-11D3-BF4B-00C04F79EFBC}") = "CelesteBindings", "CelesteBindings\CelesteBindings.csproj", "{666C6C00-C233-40C4-957F-3338666B228A}"
EndProject
Project("{8BC9CEB8-8B4A-11D0-8D11-00A0C91BC942}") = "CelesteBindingsGenerator", "CelesteBindingsGenerator\CelesteBindingsGenerator.vcxproj", "{D4115E49-BB86-4AEA-B112-E83EB954B224}"
EndProject
Project("{FAE04EC0-301F-11D3-BF4B-00C04F79EFBC}") = "CelesteBindingsLib", "CelesteBindingsLib\CelesteBindingsLib.csproj", "{5D848227-6467-45C7-B9F7-E34C1A2F7A78}"
EndProject
Project("{8BC9CEB8-8B4A-11D0-8D11-00A0C91BC942}") = "GuidGenerator", "GuidGenerator\GuidGenerator.vcxproj", "{436C70CD-BE9B-4511-83A6-CA2197493182}"
EndProject
Project("{FAE04EC0-301F-11D3-BF4B-00C04F79EFBC}") = "CelesteEditor", "CelesteEditor\CelesteEditor.csproj", "{525AC921-E6CB-473F-AC93-45E5E732C97E}"
EndProject
Project("{FAE04EC0-301F-11D3-BF4B-00C04F79EFBC}") = "CelesteEditorLibrary", "CelesteEditorLibrary\CelesteEditorLibrary.csproj", "{B2B41924-FF3D-451F-8A37-7B078053E910}"
EndProject
Global
	GlobalSection(SolutionConfigurationPlatforms) = preSolution
		Debug|Any CPU = Debug|Any CPU
		Debug|x64 = Debug|x64
		Debug|x86 = Debug|x86
		Release|Any CPU = Release|Any CPU
		Release|x64 = Release|x64
		Release|x86 = Release|x86
		Testing|Any CPU = Testing|Any CPU
		Testing|x64 = Testing|x64
		Testing|x86 = Testing|x86
	EndGlobalSection
	GlobalSection(ProjectConfigurationPlatforms) = postSolution
		{E9980A8D-828E-44F0-978E-A57ABC348F47}.Debug|Any CPU.ActiveCfg = Debug|Win32
		{E9980A8D-828E-44F0-978E-A57ABC348F47}.Debug|x64.ActiveCfg = Debug|x64
		{E9980A8D-828E-44F0-978E-A57ABC348F47}.Debug|x64.Build.0 = Debug|x64
		{E9980A8D-828E-44F0-978E-A57ABC348F47}.Debug|x86.ActiveCfg = Debug|Win32
		{E9980A8D-828E-44F0-978E-A57ABC348F47}.Debug|x86.Build.0 = Debug|Win32
		{E9980A8D-828E-44F0-978E-A57ABC348F47}.Release|Any CPU.ActiveCfg = Release|Win32
		{E9980A8D-828E-44F0-978E-A57ABC348F47}.Release|x64.ActiveCfg = Release|x64
		{E9980A8D-828E-44F0-978E-A57ABC348F47}.Release|x64.Build.0 = Release|x64
		{E9980A8D-828E-44F0-978E-A57ABC348F47}.Release|x86.ActiveCfg = Release|Win32
		{E9980A8D-828E-44F0-978E-A57ABC348F47}.Release|x86.Build.0 = Release|Win32
		{E9980A8D-828E-44F0-978E-A57ABC348F47}.Testing|Any CPU.ActiveCfg = Release|Win32
		{E9980A8D-828E-44F0-978E-A57ABC348F47}.Testing|Any CPU.Build.0 = Release|Win32
		{E9980A8D-828E-44F0-978E-A57ABC348F47}.Testing|x64.ActiveCfg = Release|x64
		{E9980A8D-828E-44F0-978E-A57ABC348F47}.Testing|x64.Build.0 = Release|x64
		{E9980A8D-828E-44F0-978E-A57ABC348F47}.Testing|x86.ActiveCfg = Release|Win32
		{E9980A8D-828E-44F0-978E-A57ABC348F47}.Testing|x86.Build.0 = Release|Win32
		{7F06E53E-178C-4E7E-8F24-061F18AA402A}.Debug|Any CPU.ActiveCfg = Debug|Win32
		{7F06E53E-178C-4E7E-8F24-061F18AA402A}.Debug|x64.ActiveCfg = Debug|x64
		{7F06E53E-178C-4E7E-8F24-061F18AA402A}.Debug|x64.Build.0 = Debug|x64
		{7F06E53E-178C-4E7E-8F24-061F18AA402A}.Debug|x86.ActiveCfg = Debug|Win32
		{7F06E53E-178C-4E7E-8F24-061F18AA402A}.Debug|x86.Build.0 = Debug|Win32
		{7F06E53E-178C-4E7E-8F24-061F18AA402A}.Release|Any CPU.ActiveCfg = Release|Win32
		{7F06E53E-178C-4E7E-8F24-061F18AA402A}.Release|x64.ActiveCfg = Release|x64
		{7F06E53E-178C-4E7E-8F24-061F18AA402A}.Release|x64.Build.0 = Release|x64
		{7F06E53E-178C-4E7E-8F24-061F18AA402A}.Release|x86.ActiveCfg = Release|Win32
		{7F06E53E-178C-4E7E-8F24-061F18AA402A}.Release|x86.Build.0 = Release|Win32
		{7F06E53E-178C-4E7E-8F24-061F18AA402A}.Testing|Any CPU.ActiveCfg = Testing|Win32
		{7F06E53E-178C-4E7E-8F24-061F18AA402A}.Testing|x64.ActiveCfg = Testing|x64
		{7F06E53E-178C-4E7E-8F24-061F18AA402A}.Testing|x64.Build.0 = Testing|x64
		{7F06E53E-178C-4E7E-8F24-061F18AA402A}.Testing|x86.ActiveCfg = Testing|Win32
		{7F06E53E-178C-4E7E-8F24-061F18AA402A}.Testing|x86.Build.0 = Testing|Win32
		{E07541B6-55FF-4134-B937-1C62821EE5FB}.Debug|Any CPU.ActiveCfg = Debug|Win32
		{E07541B6-55FF-4134-B937-1C62821EE5FB}.Debug|x64.ActiveCfg = Debug|x64
		{E07541B6-55FF-4134-B937-1C62821EE5FB}.Debug|x64.Build.0 = Debug|x64
		{E07541B6-55FF-4134-B937-1C62821EE5FB}.Debug|x86.ActiveCfg = Debug|Win32
		{E07541B6-55FF-4134-B937-1C62821EE5FB}.Debug|x86.Build.0 = Debug|Win32
		{E07541B6-55FF-4134-B937-1C62821EE5FB}.Release|Any CPU.ActiveCfg = Release|Win32
		{E07541B6-55FF-4134-B937-1C62821EE5FB}.Release|x64.ActiveCfg = Release|x64
		{E07541B6-55FF-4134-B937-1C62821EE5FB}.Release|x64.Build.0 = Release|x64
		{E07541B6-55FF-4134-B937-1C62821EE5FB}.Release|x86.ActiveCfg = Release|Win32
		{E07541B6-55FF-4134-B937-1C62821EE5FB}.Release|x86.Build.0 = Release|Win32
		{E07541B6-55FF-4134-B937-1C62821EE5FB}.Testing|Any CPU.ActiveCfg = Release|Win32
		{E07541B6-55FF-4134-B937-1C62821EE5FB}.Testing|Any CPU.Build.0 = Release|Win32
		{E07541B6-55FF-4134-B937-1C62821EE5FB}.Testing|x64.ActiveCfg = Release|x64
		{E07541B6-55FF-4134-B937-1C62821EE5FB}.Testing|x64.Build.0 = Release|x64
		{E07541B6-55FF-4134-B937-1C62821EE5FB}.Testing|x86.ActiveCfg = Release|Win32
		{E07541B6-55FF-4134-B937-1C62821EE5FB}.Testing|x86.Build.0 = Release|Win32
		{BB04BA24-E88D-4697-B55C-7C518AFD6BF8}.Debug|Any CPU.ActiveCfg = Debug|Win32
		{BB04BA24-E88D-4697-B55C-7C518AFD6BF8}.Debug|x64.ActiveCfg = Debug|x64
		{BB04BA24-E88D-4697-B55C-7C518AFD6BF8}.Debug|x64.Build.0 = Debug|x64
		{BB04BA24-E88D-4697-B55C-7C518AFD6BF8}.Debug|x86.ActiveCfg = Debug|Win32
		{BB04BA24-E88D-4697-B55C-7C518AFD6BF8}.Debug|x86.Build.0 = Debug|Win32
		{BB04BA24-E88D-4697-B55C-7C518AFD6BF8}.Release|Any CPU.ActiveCfg = Release|Win32
		{BB04BA24-E88D-4697-B55C-7C518AFD6BF8}.Release|x64.ActiveCfg = Release|x64
		{BB04BA24-E88D-4697-B55C-7C518AFD6BF8}.Release|x64.Build.0 = Release|x64
		{BB04BA24-E88D-4697-B55C-7C518AFD6BF8}.Release|x86.ActiveCfg = Release|Win32
		{BB04BA24-E88D-4697-B55C-7C518AFD6BF8}.Release|x86.Build.0 = Release|Win32
		{BB04BA24-E88D-4697-B55C-7C518AFD6BF8}.Testing|Any CPU.ActiveCfg = Release|Win32
		{BB04BA24-E88D-4697-B55C-7C518AFD6BF8}.Testing|Any CPU.Build.0 = Release|Win32
		{BB04BA24-E88D-4697-B55C-7C518AFD6BF8}.Testing|x64.ActiveCfg = Release|x64
		{BB04BA24-E88D-4697-B55C-7C518AFD6BF8}.Testing|x64.Build.0 = Release|x64
		{BB04BA24-E88D-4697-B55C-7C518AFD6BF8}.Testing|x86.ActiveCfg = Release|Win32
		{BB04BA24-E88D-4697-B55C-7C518AFD6BF8}.Testing|x86.Build.0 = Release|Win32
		{A51B7AB5-82CB-41E4-970A-2034F81EE3FA}.Debug|Any CPU.ActiveCfg = Debug|Win32
		{A51B7AB5-82CB-41E4-970A-2034F81EE3FA}.Debug|x64.ActiveCfg = Debug|x64
		{A51B7AB5-82CB-41E4-970A-2034F81EE3FA}.Debug|x64.Build.0 = Debug|x64
		{A51B7AB5-82CB-41E4-970A-2034F81EE3FA}.Debug|x86.ActiveCfg = Debug|Win32
		{A51B7AB5-82CB-41E4-970A-2034F81EE3FA}.Debug|x86.Build.0 = Debug|Win32
		{A51B7AB5-82CB-41E4-970A-2034F81EE3FA}.Release|Any CPU.ActiveCfg = Release|Win32
		{A51B7AB5-82CB-41E4-970A-2034F81EE3FA}.Release|x64.ActiveCfg = Release|x64
		{A51B7AB5-82CB-41E4-970A-2034F81EE3FA}.Release|x64.Build.0 = Release|x64
		{A51B7AB5-82CB-41E4-970A-2034F81EE3FA}.Release|x86.ActiveCfg = Release|Win32
		{A51B7AB5-82CB-41E4-970A-2034F81EE3FA}.Release|x86.Build.0 = Release|Win32
		{A51B7AB5-82CB-41E4-970A-2034F81EE3FA}.Testing|Any CPU.ActiveCfg = Release|x64
		{A51B7AB5-82CB-41E4-970A-2034F81EE3FA}.Testing|Any CPU.Build.0 = Release|x64
		{A51B7AB5-82CB-41E4-970A-2034F81EE3FA}.Testing|x64.ActiveCfg = Release|x64
		{A51B7AB5-82CB-41E4-970A-2034F81EE3FA}.Testing|x64.Build.0 = Release|x64
		{A51B7AB5-82CB-41E4-970A-2034F81EE3FA}.Testing|x86.ActiveCfg = Release|Win32
		{A51B7AB5-82CB-41E4-970A-2034F81EE3FA}.Testing|x86.Build.0 = Release|Win32
		{F357C745-6FAA-49A8-A895-0D4D35374929}.Debug|Any CPU.ActiveCfg = Debug|Win32
		{F357C745-6FAA-49A8-A895-0D4D35374929}.Debug|x64.ActiveCfg = Debug|x64
		{F357C745-6FAA-49A8-A895-0D4D35374929}.Debug|x64.Build.0 = Debug|x64
		{F357C745-6FAA-49A8-A895-0D4D35374929}.Debug|x86.ActiveCfg = Debug|Win32
		{F357C745-6FAA-49A8-A895-0D4D35374929}.Debug|x86.Build.0 = Debug|Win32
		{F357C745-6FAA-49A8-A895-0D4D35374929}.Release|Any CPU.ActiveCfg = Release|Win32
		{F357C745-6FAA-49A8-A895-0D4D35374929}.Release|x64.ActiveCfg = Release|x64
		{F357C745-6FAA-49A8-A895-0D4D35374929}.Release|x64.Build.0 = Release|x64
		{F357C745-6FAA-49A8-A895-0D4D35374929}.Release|x86.ActiveCfg = Release|Win32
		{F357C745-6FAA-49A8-A895-0D4D35374929}.Release|x86.Build.0 = Release|Win32
		{F357C745-6FAA-49A8-A895-0D4D35374929}.Testing|Any CPU.ActiveCfg = Release|x64
		{F357C745-6FAA-49A8-A895-0D4D35374929}.Testing|Any CPU.Build.0 = Release|x64
		{F357C745-6FAA-49A8-A895-0D4D35374929}.Testing|x64.ActiveCfg = Release|x64
		{F357C745-6FAA-49A8-A895-0D4D35374929}.Testing|x64.Build.0 = Release|x64
		{F357C745-6FAA-49A8-A895-0D4D35374929}.Testing|x86.ActiveCfg = Release|Win32
		{F357C745-6FAA-49A8-A895-0D4D35374929}.Testing|x86.Build.0 = Release|Win32
		{CBD493A8-DFC5-444A-9BC6-CA02CCD76410}.Debug|Any CPU.ActiveCfg = Debug|Any CPU
		{CBD493A8-DFC5-444A-9BC6-CA02CCD76410}.Debug|Any CPU.Build.0 = Debug|Any CPU
		{CBD493A8-DFC5-444A-9BC6-CA02CCD76410}.Debug|x64.ActiveCfg = Debug|Any CPU
		{CBD493A8-DFC5-444A-9BC6-CA02CCD76410}.Debug|x64.Build.0 = Debug|Any CPU
		{CBD493A8-DFC5-444A-9BC6-CA02CCD76410}.Debug|x86.ActiveCfg = Debug|Any CPU
		{CBD493A8-DFC5-444A-9BC6-CA02CCD76410}.Debug|x86.Build.0 = Debug|Any CPU
		{CBD493A8-DFC5-444A-9BC6-CA02CCD76410}.Release|Any CPU.ActiveCfg = Release|Any CPU
		{CBD493A8-DFC5-444A-9BC6-CA02CCD76410}.Release|Any CPU.Build.0 = Release|Any CPU
		{CBD493A8-DFC5-444A-9BC6-CA02CCD76410}.Release|x64.ActiveCfg = Release|Any CPU
		{CBD493A8-DFC5-444A-9BC6-CA02CCD76410}.Release|x64.Build.0 = Release|Any CPU
		{CBD493A8-DFC5-444A-9BC6-CA02CCD76410}.Release|x86.ActiveCfg = Release|Any CPU
		{CBD493A8-DFC5-444A-9BC6-CA02CCD76410}.Release|x86.Build.0 = Release|Any CPU
		{CBD493A8-DFC5-444A-9BC6-CA02CCD76410}.Testing|Any CPU.ActiveCfg = Release|Any CPU
		{CBD493A8-DFC5-444A-9BC6-CA02CCD76410}.Testing|Any CPU.Build.0 = Release|Any CPU
		{CBD493A8-DFC5-444A-9BC6-CA02CCD76410}.Testing|x64.ActiveCfg = Release|Any CPU
		{CBD493A8-DFC5-444A-9BC6-CA02CCD76410}.Testing|x64.Build.0 = Release|Any CPU
		{CBD493A8-DFC5-444A-9BC6-CA02CCD76410}.Testing|x86.ActiveCfg = Release|Any CPU
		{CBD493A8-DFC5-444A-9BC6-CA02CCD76410}.Testing|x86.Build.0 = Release|Any CPU
		{666C6C00-C233-40C4-957F-3338666B228A}.Debug|Any CPU.ActiveCfg = Debug|Any CPU
		{666C6C00-C233-40C4-957F-3338666B228A}.Debug|Any CPU.Build.0 = Debug|Any CPU
		{666C6C00-C233-40C4-957F-3338666B228A}.Debug|x64.ActiveCfg = Debug|Any CPU
		{666C6C00-C233-40C4-957F-3338666B228A}.Debug|x64.Build.0 = Debug|Any CPU
		{666C6C00-C233-40C4-957F-3338666B228A}.Debug|x86.ActiveCfg = Debug|Any CPU
		{666C6C00-C233-40C4-957F-3338666B228A}.Debug|x86.Build.0 = Debug|Any CPU
		{666C6C00-C233-40C4-957F-3338666B228A}.Release|Any CPU.ActiveCfg = Release|Any CPU
		{666C6C00-C233-40C4-957F-3338666B228A}.Release|Any CPU.Build.0 = Release|Any CPU
		{666C6C00-C233-40C4-957F-3338666B228A}.Release|x64.ActiveCfg = Release|Any CPU
		{666C6C00-C233-40C4-957F-3338666B228A}.Release|x64.Build.0 = Release|Any CPU
		{666C6C00-C233-40C4-957F-3338666B228A}.Release|x86.ActiveCfg = Release|Any CPU
		{666C6C00-C233-40C4-957F-3338666B228A}.Release|x86.Build.0 = Release|Any CPU
		{666C6C00-C233-40C4-957F-3338666B228A}.Testing|Any CPU.ActiveCfg = Release|Any CPU
		{666C6C00-C233-40C4-957F-3338666B228A}.Testing|Any CPU.Build.0 = Release|Any CPU
		{666C6C00-C233-40C4-957F-3338666B228A}.Testing|x64.ActiveCfg = Release|Any CPU
		{666C6C00-C233-40C4-957F-3338666B228A}.Testing|x64.Build.0 = Release|Any CPU
		{666C6C00-C233-40C4-957F-3338666B228A}.Testing|x86.ActiveCfg = Release|Any CPU
		{666C6C00-C233-40C4-957F-3338666B228A}.Testing|x86.Build.0 = Release|Any CPU
		{D4115E49-BB86-4AEA-B112-E83EB954B224}.Debug|Any CPU.ActiveCfg = Debug|Win32
		{D4115E49-BB86-4AEA-B112-E83EB954B224}.Debug|x64.ActiveCfg = Debug|x64
		{D4115E49-BB86-4AEA-B112-E83EB954B224}.Debug|x64.Build.0 = Debug|x64
		{D4115E49-BB86-4AEA-B112-E83EB954B224}.Debug|x86.ActiveCfg = Debug|Win32
		{D4115E49-BB86-4AEA-B112-E83EB954B224}.Debug|x86.Build.0 = Debug|Win32
		{D4115E49-BB86-4AEA-B112-E83EB954B224}.Release|Any CPU.ActiveCfg = Release|Win32
		{D4115E49-BB86-4AEA-B112-E83EB954B224}.Release|x64.ActiveCfg = Release|x64
		{D4115E49-BB86-4AEA-B112-E83EB954B224}.Release|x64.Build.0 = Release|x64
		{D4115E49-BB86-4AEA-B112-E83EB954B224}.Release|x86.ActiveCfg = Release|Win32
		{D4115E49-BB86-4AEA-B112-E83EB954B224}.Release|x86.Build.0 = Release|Win32
		{D4115E49-BB86-4AEA-B112-E83EB954B224}.Testing|Any CPU.ActiveCfg = Release|x64
		{D4115E49-BB86-4AEA-B112-E83EB954B224}.Testing|Any CPU.Build.0 = Release|x64
		{D4115E49-BB86-4AEA-B112-E83EB954B224}.Testing|x64.ActiveCfg = Release|x64
		{D4115E49-BB86-4AEA-B112-E83EB954B224}.Testing|x64.Build.0 = Release|x64
		{D4115E49-BB86-4AEA-B112-E83EB954B224}.Testing|x86.ActiveCfg = Release|Win32
		{D4115E49-BB86-4AEA-B112-E83EB954B224}.Testing|x86.Build.0 = Release|Win32
		{5D848227-6467-45C7-B9F7-E34C1A2F7A78}.Debug|Any CPU.ActiveCfg = Debug|Any CPU
		{5D848227-6467-45C7-B9F7-E34C1A2F7A78}.Debug|Any CPU.Build.0 = Debug|Any CPU
		{5D848227-6467-45C7-B9F7-E34C1A2F7A78}.Debug|x64.ActiveCfg = Debug|Any CPU
		{5D848227-6467-45C7-B9F7-E34C1A2F7A78}.Debug|x64.Build.0 = Debug|Any CPU
		{5D848227-6467-45C7-B9F7-E34C1A2F7A78}.Debug|x86.ActiveCfg = Debug|Any CPU
		{5D848227-6467-45C7-B9F7-E34C1A2F7A78}.Debug|x86.Build.0 = Debug|Any CPU
		{5D848227-6467-45C7-B9F7-E34C1A2F7A78}.Release|Any CPU.ActiveCfg = Release|Any CPU
		{5D848227-6467-45C7-B9F7-E34C1A2F7A78}.Release|Any CPU.Build.0 = Release|Any CPU
		{5D848227-6467-45C7-B9F7-E34C1A2F7A78}.Release|x64.ActiveCfg = Release|Any CPU
		{5D848227-6467-45C7-B9F7-E34C1A2F7A78}.Release|x64.Build.0 = Release|Any CPU
		{5D848227-6467-45C7-B9F7-E34C1A2F7A78}.Release|x86.ActiveCfg = Release|Any CPU
		{5D848227-6467-45C7-B9F7-E34C1A2F7A78}.Release|x86.Build.0 = Release|Any CPU
		{5D848227-6467-45C7-B9F7-E34C1A2F7A78}.Testing|Any CPU.ActiveCfg = Release|Any CPU
		{5D848227-6467-45C7-B9F7-E34C1A2F7A78}.Testing|Any CPU.Build.0 = Release|Any CPU
		{5D848227-6467-45C7-B9F7-E34C1A2F7A78}.Testing|x64.ActiveCfg = Release|Any CPU
		{5D848227-6467-45C7-B9F7-E34C1A2F7A78}.Testing|x64.Build.0 = Release|Any CPU
		{5D848227-6467-45C7-B9F7-E34C1A2F7A78}.Testing|x86.ActiveCfg = Release|Any CPU
		{5D848227-6467-45C7-B9F7-E34C1A2F7A78}.Testing|x86.Build.0 = Release|Any CPU
		{436C70CD-BE9B-4511-83A6-CA2197493182}.Debug|Any CPU.ActiveCfg = Debug|Win32
		{436C70CD-BE9B-4511-83A6-CA2197493182}.Debug|x64.ActiveCfg = Debug|x64
		{436C70CD-BE9B-4511-83A6-CA2197493182}.Debug|x64.Build.0 = Debug|x64
		{436C70CD-BE9B-4511-83A6-CA2197493182}.Debug|x86.ActiveCfg = Debug|Win32
		{436C70CD-BE9B-4511-83A6-CA2197493182}.Debug|x86.Build.0 = Debug|Win32
		{436C70CD-BE9B-4511-83A6-CA2197493182}.Release|Any CPU.ActiveCfg = Release|Win32
		{436C70CD-BE9B-4511-83A6-CA2197493182}.Release|x64.ActiveCfg = Release|x64
		{436C70CD-BE9B-4511-83A6-CA2197493182}.Release|x64.Build.0 = Release|x64
		{436C70CD-BE9B-4511-83A6-CA2197493182}.Release|x86.ActiveCfg = Release|Win32
		{436C70CD-BE9B-4511-83A6-CA2197493182}.Release|x86.Build.0 = Release|Win32
		{436C70CD-BE9B-4511-83A6-CA2197493182}.Testing|Any CPU.ActiveCfg = Release|x64
		{436C70CD-BE9B-4511-83A6-CA2197493182}.Testing|Any CPU.Build.0 = Release|x64
		{436C70CD-BE9B-4511-83A6-CA2197493182}.Testing|x64.ActiveCfg = Release|x64
		{436C70CD-BE9B-4511-83A6-CA2197493182}.Testing|x64.Build.0 = Release|x64
		{436C70CD-BE9B-4511-83A6-CA2197493182}.Testing|x86.ActiveCfg = Release|Win32
		{436C70CD-BE9B-4511-83A6-CA2197493182}.Testing|x86.Build.0 = Release|Win32
		{525AC921-E6CB-473F-AC93-45E5E732C97E}.Debug|Any CPU.ActiveCfg = Debug|Any CPU
		{525AC921-E6CB-473F-AC93-45E5E732C97E}.Debug|Any CPU.Build.0 = Debug|Any CPU
		{525AC921-E6CB-473F-AC93-45E5E732C97E}.Debug|x64.ActiveCfg = Debug|Any CPU
		{525AC921-E6CB-473F-AC93-45E5E732C97E}.Debug|x64.Build.0 = Debug|Any CPU
		{525AC921-E6CB-473F-AC93-45E5E732C97E}.Debug|x86.ActiveCfg = Debug|Any CPU
		{525AC921-E6CB-473F-AC93-45E5E732C97E}.Debug|x86.Build.0 = Debug|Any CPU
		{525AC921-E6CB-473F-AC93-45E5E732C97E}.Release|Any CPU.ActiveCfg = Release|Any CPU
		{525AC921-E6CB-473F-AC93-45E5E732C97E}.Release|Any CPU.Build.0 = Release|Any CPU
		{525AC921-E6CB-473F-AC93-45E5E732C97E}.Release|x64.ActiveCfg = Release|Any CPU
		{525AC921-E6CB-473F-AC93-45E5E732C97E}.Release|x64.Build.0 = Release|Any CPU
		{525AC921-E6CB-473F-AC93-45E5E732C97E}.Release|x86.ActiveCfg = Release|Any CPU
		{525AC921-E6CB-473F-AC93-45E5E732C97E}.Release|x86.Build.0 = Release|Any CPU
		{525AC921-E6CB-473F-AC93-45E5E732C97E}.Testing|Any CPU.ActiveCfg = Release|Any CPU
		{525AC921-E6CB-473F-AC93-45E5E732C97E}.Testing|Any CPU.Build.0 = Release|Any CPU
		{525AC921-E6CB-473F-AC93-45E5E732C97E}.Testing|x64.ActiveCfg = Release|Any CPU
		{525AC921-E6CB-473F-AC93-45E5E732C97E}.Testing|x64.Build.0 = Release|Any CPU
		{525AC921-E6CB-473F-AC93-45E5E732C97E}.Testing|x86.ActiveCfg = Release|Any CPU
		{525AC921-E6CB-473F-AC93-45E5E732C97E}.Testing|x86.Build.0 = Release|Any CPU
		{B2B41924-FF3D-451F-8A37-7B078053E910}.Debug|Any CPU.ActiveCfg = Debug|Any CPU
		{B2B41924-FF3D-451F-8A37-7B078053E910}.Debug|Any CPU.Build.0 = Debug|Any CPU
		{B2B41924-FF3D-451F-8A37-7B078053E910}.Debug|x64.ActiveCfg = Debug|Any CPU
		{B2B41924-FF3D-451F-8A37-7B078053E910}.Debug|x64.Build.0 = Debug|Any CPU
		{B2B41924-FF3D-451F-8A37-7B078053E910}.Debug|x86.ActiveCfg = Debug|Any CPU
		{B2B41924-FF3D-451F-8A37-7B078053E910}.Debug|x86.Build.0 = Debug|Any CPU
		{B2B41924-FF3D-451F-8A37-7B078053E910}.Release|Any CPU.ActiveCfg = Release|Any CPU
		{B2B41924-FF3D-451F-8A37-7B078053E910}.Release|Any CPU.Build.0 = Release|Any CPU
		{B2B41924-FF3D-451F-8A37-7B078053E910}.Release|x64.ActiveCfg = Release|Any CPU
		{B2B41924-FF3D-451F-8A37-7B078053E910}.Release|x64.Build.0 = Release|Any CPU
		{B2B41924-FF3D-451F-8A37-7B078053E910}.Release|x86.ActiveCfg = Release|Any CPU
		{B2B41924-FF3D-451F-8A37-7B078053E910}.Release|x86.Build.0 = Release|Any CPU
		{B2B41924-FF3D-451F-8A37-7B078053E910}.Testing|Any CPU.ActiveCfg = Release|Any CPU
		{B2B41924-FF3D-451F-8A37-7B078053E910}.Testing|Any CPU.Build.0 = Release|Any CPU
		{B2B41924-FF3D-451F-8A37-7B078053E910}.Testing|x64.ActiveCfg = Release|Any CPU
		{B2B41924-FF3D-451F-8A37-7B078053E910}.Testing|x64.Build.0 = Release|Any CPU
		{B2B41924-FF3D-451F-8A37-7B078053E910}.Testing|x86.ActiveCfg = Release|Any CPU
		{B2B41924-FF3D-451F-8A37-7B078053E910}.Testing|x86.Build.0 = Release|Any CPU
	EndGlobalSection
	GlobalSection(SolutionProperties) = preSolution
		HideSolutionNode = FALSE
	EndGlobalSection
	GlobalSection(NestedProjects) = preSolution
		{7F06E53E-178C-4E7E-8F24-061F18AA402A} = {C0D86BBA-36D0-4849-AC6A-BC920DD45A08}
		{E07541B6-55FF-4134-B937-1C62821EE5FB} = {C0D86BBA-36D0-4849-AC6A-BC920DD45A08}
		{BB04BA24-E88D-4697-B55C-7C518AFD6BF8} = {C0D86BBA-36D0-4849-AC6A-BC920DD45A08}
		{A51B7AB5-82CB-41E4-970A-2034F81EE3FA} = {C0D86BBA-36D0-4849-AC6A-BC920DD45A08}
		{F357C745-6FAA-49A8-A895-0D4D35374929} = {B9299354-2778-4229-9692-4D4D8B0D33CD}
		{CBD493A8-DFC5-444A-9BC6-CA02CCD76410} = {B9299354-2778-4229-9692-4D4D8B0D33CD}
		{666C6C00-C233-40C4-957F-3338666B228A} = {B9299354-2778-4229-9692-4D4D8B0D33CD}
		{D4115E49-BB86-4AEA-B112-E83EB954B224} = {B9299354-2778-4229-9692-4D4D8B0D33CD}
		{5D848227-6467-45C7-B9F7-E34C1A2F7A78} = {B9299354-2778-4229-9692-4D4D8B0D33CD}
		{436C70CD-BE9B-4511-83A6-CA2197493182} = {0A1FB913-AB25-44BF-A486-DE0081D5B541}
		{525AC921-E6CB-473F-AC93-45E5E732C97E} = {5D2179DE-2BF2-4E86-AA57-A26FA793F459}
		{B2B41924-FF3D-451F-8A37-7B078053E910} = {5D2179DE-2BF2-4E86-AA57-A26FA793F459}
	EndGlobalSection
	GlobalSection(ExtensibilityGlobals) = postSolution
		SolutionGuid = {19903190-D5CE-48C5-B616-8E829B2B3E6C}
	EndGlobalSection
EndGlobal
