
Microsoft Visual Studio Solution File, Format Version 12.00
# Visual Studio Version 16
VisualStudioVersion = 16.0.28803.202
MinimumVisualStudioVersion = 10.0.40219.1
Project("{2150E333-8FDC-42A3-9474-1A3956D46DE8}") = "Tests", "Tests", "{C0D86BBA-36D0-4849-AC6A-BC920DD45A08}"
EndProject
Project("{8BC9CEB8-8B4A-11D0-8D11-00A0C91BC942}") = "Celeste", "Celeste\Celeste.vcxproj", "{E9980A8D-828E-44F0-978E-A57ABC348F47}"
EndProject
Project("{8BC9CEB8-8B4A-11D0-8D11-00A0C91BC942}") = "TestUtils", "TestUtils\TestUtils.vcxproj", "{7F06E53E-178C-4E7E-8F24-061F18AA402A}"
EndProject
Project("{8BC9CEB8-8B4A-11D0-8D11-00A0C91BC942}") = "TestCeleste", "TestCeleste\TestCeleste.vcxproj", "{E07541B6-55FF-4134-B937-1C62821EE5FB}"
	ProjectSection(ProjectDependencies) = postProject
		{7F06E53E-178C-4E7E-8F24-061F18AA402A} = {7F06E53E-178C-4E7E-8F24-061F18AA402A}
		{E9980A8D-828E-44F0-978E-A57ABC348F47} = {E9980A8D-828E-44F0-978E-A57ABC348F47}
	EndProjectSection
EndProject
Project("{8BC9CEB8-8B4A-11D0-8D11-00A0C91BC942}") = "CelesteTestUtils", "CelesteTestUtils\CelesteTestUtils.vcxproj", "{BB04BA24-E88D-4697-B55C-7C518AFD6BF8}"
EndProject
Project("{8BC9CEB8-8B4A-11D0-8D11-00A0C91BC942}") = "TestCelesteRuntime", "TestCelesteRuntime\TestCelesteRuntime.vcxproj", "{A51B7AB5-82CB-41E4-970A-2034F81EE3FA}"
EndProject
Global
	GlobalSection(SolutionConfigurationPlatforms) = preSolution
		Debug|Any CPU = Debug|Any CPU
		Debug|x64 = Debug|x64
		Debug|x86 = Debug|x86
		Release|Any CPU = Release|Any CPU
		Release|x64 = Release|x64
		Release|x86 = Release|x86
		Testing|Any CPU = Testing|Any CPU
		Testing|x64 = Testing|x64
		Testing|x86 = Testing|x86
	EndGlobalSection
	GlobalSection(ProjectConfigurationPlatforms) = postSolution
		{E9980A8D-828E-44F0-978E-A57ABC348F47}.Debug|Any CPU.ActiveCfg = Debug|Win32
		{E9980A8D-828E-44F0-978E-A57ABC348F47}.Debug|x64.ActiveCfg = Debug|x64
		{E9980A8D-828E-44F0-978E-A57ABC348F47}.Debug|x64.Build.0 = Debug|x64
		{E9980A8D-828E-44F0-978E-A57ABC348F47}.Debug|x86.ActiveCfg = Debug|Win32
		{E9980A8D-828E-44F0-978E-A57ABC348F47}.Debug|x86.Build.0 = Debug|Win32
		{E9980A8D-828E-44F0-978E-A57ABC348F47}.Release|Any CPU.ActiveCfg = Release|Win32
		{E9980A8D-828E-44F0-978E-A57ABC348F47}.Release|x64.ActiveCfg = Release|x64
		{E9980A8D-828E-44F0-978E-A57ABC348F47}.Release|x64.Build.0 = Release|x64
		{E9980A8D-828E-44F0-978E-A57ABC348F47}.Release|x86.ActiveCfg = Release|Win32
		{E9980A8D-828E-44F0-978E-A57ABC348F47}.Release|x86.Build.0 = Release|Win32
		{E9980A8D-828E-44F0-978E-A57ABC348F47}.Testing|Any CPU.ActiveCfg = Release|Win32
		{E9980A8D-828E-44F0-978E-A57ABC348F47}.Testing|Any CPU.Build.0 = Release|Win32
		{E9980A8D-828E-44F0-978E-A57ABC348F47}.Testing|x64.ActiveCfg = Release|x64
		{E9980A8D-828E-44F0-978E-A57ABC348F47}.Testing|x64.Build.0 = Release|x64
		{E9980A8D-828E-44F0-978E-A57ABC348F47}.Testing|x86.ActiveCfg = Release|Win32
		{E9980A8D-828E-44F0-978E-A57ABC348F47}.Testing|x86.Build.0 = Release|Win32
		{7F06E53E-178C-4E7E-8F24-061F18AA402A}.Debug|Any CPU.ActiveCfg = Debug|Win32
		{7F06E53E-178C-4E7E-8F24-061F18AA402A}.Debug|x64.ActiveCfg = Debug|x64
		{7F06E53E-178C-4E7E-8F24-061F18AA402A}.Debug|x64.Build.0 = Debug|x64
		{7F06E53E-178C-4E7E-8F24-061F18AA402A}.Debug|x86.ActiveCfg = Debug|Win32
		{7F06E53E-178C-4E7E-8F24-061F18AA402A}.Debug|x86.Build.0 = Debug|Win32
		{7F06E53E-178C-4E7E-8F24-061F18AA402A}.Release|Any CPU.ActiveCfg = Release|Win32
		{7F06E53E-178C-4E7E-8F24-061F18AA402A}.Release|x64.ActiveCfg = Release|x64
		{7F06E53E-178C-4E7E-8F24-061F18AA402A}.Release|x64.Build.0 = Release|x64
		{7F06E53E-178C-4E7E-8F24-061F18AA402A}.Release|x86.ActiveCfg = Release|Win32
		{7F06E53E-178C-4E7E-8F24-061F18AA402A}.Release|x86.Build.0 = Release|Win32
		{7F06E53E-178C-4E7E-8F24-061F18AA402A}.Testing|Any CPU.ActiveCfg = Testing|Win32
		{7F06E53E-178C-4E7E-8F24-061F18AA402A}.Testing|x64.ActiveCfg = Testing|x64
		{7F06E53E-178C-4E7E-8F24-061F18AA402A}.Testing|x64.Build.0 = Testing|x64
		{7F06E53E-178C-4E7E-8F24-061F18AA402A}.Testing|x86.ActiveCfg = Testing|Win32
		{7F06E53E-178C-4E7E-8F24-061F18AA402A}.Testing|x86.Build.0 = Testing|Win32
		{E07541B6-55FF-4134-B937-1C62821EE5FB}.Debug|Any CPU.ActiveCfg = Debug|Win32
		{E07541B6-55FF-4134-B937-1C62821EE5FB}.Debug|x64.ActiveCfg = Debug|x64
		{E07541B6-55FF-4134-B937-1C62821EE5FB}.Debug|x64.Build.0 = Debug|x64
		{E07541B6-55FF-4134-B937-1C62821EE5FB}.Debug|x86.ActiveCfg = Debug|Win32
		{E07541B6-55FF-4134-B937-1C62821EE5FB}.Debug|x86.Build.0 = Debug|Win32
		{E07541B6-55FF-4134-B937-1C62821EE5FB}.Release|Any CPU.ActiveCfg = Release|Win32
		{E07541B6-55FF-4134-B937-1C62821EE5FB}.Release|x64.ActiveCfg = Release|x64
		{E07541B6-55FF-4134-B937-1C62821EE5FB}.Release|x64.Build.0 = Release|x64
		{E07541B6-55FF-4134-B937-1C62821EE5FB}.Release|x86.ActiveCfg = Release|Win32
		{E07541B6-55FF-4134-B937-1C62821EE5FB}.Release|x86.Build.0 = Release|Win32
		{E07541B6-55FF-4134-B937-1C62821EE5FB}.Testing|Any CPU.ActiveCfg = Release|Win32
		{E07541B6-55FF-4134-B937-1C62821EE5FB}.Testing|Any CPU.Build.0 = Release|Win32
		{E07541B6-55FF-4134-B937-1C62821EE5FB}.Testing|x64.ActiveCfg = Release|x64
		{E07541B6-55FF-4134-B937-1C62821EE5FB}.Testing|x64.Build.0 = Release|x64
		{E07541B6-55FF-4134-B937-1C62821EE5FB}.Testing|x86.ActiveCfg = Release|Win32
		{E07541B6-55FF-4134-B937-1C62821EE5FB}.Testing|x86.Build.0 = Release|Win32
		{BB04BA24-E88D-4697-B55C-7C518AFD6BF8}.Debug|Any CPU.ActiveCfg = Debug|Win32
		{BB04BA24-E88D-4697-B55C-7C518AFD6BF8}.Debug|x64.ActiveCfg = Debug|x64
		{BB04BA24-E88D-4697-B55C-7C518AFD6BF8}.Debug|x64.Build.0 = Debug|x64
		{BB04BA24-E88D-4697-B55C-7C518AFD6BF8}.Debug|x86.ActiveCfg = Debug|Win32
		{BB04BA24-E88D-4697-B55C-7C518AFD6BF8}.Debug|x86.Build.0 = Debug|Win32
		{BB04BA24-E88D-4697-B55C-7C518AFD6BF8}.Release|Any CPU.ActiveCfg = Release|Win32
		{BB04BA24-E88D-4697-B55C-7C518AFD6BF8}.Release|x64.ActiveCfg = Release|x64
		{BB04BA24-E88D-4697-B55C-7C518AFD6BF8}.Release|x64.Build.0 = Release|x64
		{BB04BA24-E88D-4697-B55C-7C518AFD6BF8}.Release|x86.ActiveCfg = Release|Win32
		{BB04BA24-E88D-4697-B55C-7C518AFD6BF8}.Release|x86.Build.0 = Release|Win32
		{BB04BA24-E88D-4697-B55C-7C518AFD6BF8}.Testing|Any CPU.ActiveCfg = Release|Win32
		{BB04BA24-E88D-4697-B55C-7C518AFD6BF8}.Testing|Any CPU.Build.0 = Release|Win32
		{BB04BA24-E88D-4697-B55C-7C518AFD6BF8}.Testing|x64.ActiveCfg = Release|x64
		{BB04BA24-E88D-4697-B55C-7C518AFD6BF8}.Testing|x64.Build.0 = Release|x64
		{BB04BA24-E88D-4697-B55C-7C518AFD6BF8}.Testing|x86.ActiveCfg = Release|Win32
		{BB04BA24-E88D-4697-B55C-7C518AFD6BF8}.Testing|x86.Build.0 = Release|Win32
		{A51B7AB5-82CB-41E4-970A-2034F81EE3FA}.Debug|Any CPU.ActiveCfg = Debug|Win32
		{A51B7AB5-82CB-41E4-970A-2034F81EE3FA}.Debug|x64.ActiveCfg = Debug|x64
		{A51B7AB5-82CB-41E4-970A-2034F81EE3FA}.Debug|x64.Build.0 = Debug|x64
		{A51B7AB5-82CB-41E4-970A-2034F81EE3FA}.Debug|x86.ActiveCfg = Debug|Win32
		{A51B7AB5-82CB-41E4-970A-2034F81EE3FA}.Debug|x86.Build.0 = Debug|Win32
		{A51B7AB5-82CB-41E4-970A-2034F81EE3FA}.Release|Any CPU.ActiveCfg = Release|Win32
		{A51B7AB5-82CB-41E4-970A-2034F81EE3FA}.Release|x64.ActiveCfg = Release|x64
		{A51B7AB5-82CB-41E4-970A-2034F81EE3FA}.Release|x64.Build.0 = Release|x64
		{A51B7AB5-82CB-41E4-970A-2034F81EE3FA}.Release|x86.ActiveCfg = Release|Win32
		{A51B7AB5-82CB-41E4-970A-2034F81EE3FA}.Release|x86.Build.0 = Release|Win32
		{A51B7AB5-82CB-41E4-970A-2034F81EE3FA}.Testing|Any CPU.ActiveCfg = Release|x64
		{A51B7AB5-82CB-41E4-970A-2034F81EE3FA}.Testing|Any CPU.Build.0 = Release|x64
		{A51B7AB5-82CB-41E4-970A-2034F81EE3FA}.Testing|x64.ActiveCfg = Release|x64
		{A51B7AB5-82CB-41E4-970A-2034F81EE3FA}.Testing|x64.Build.0 = Release|x64
		{A51B7AB5-82CB-41E4-970A-2034F81EE3FA}.Testing|x86.ActiveCfg = Release|Win32
		{A51B7AB5-82CB-41E4-970A-2034F81EE3FA}.Testing|x86.Build.0 = Release|Win32
	EndGlobalSection
	GlobalSection(SolutionProperties) = preSolution
		HideSolutionNode = FALSE
	EndGlobalSection
	GlobalSection(NestedProjects) = preSolution
		{7F06E53E-178C-4E7E-8F24-061F18AA402A} = {C0D86BBA-36D0-4849-AC6A-BC920DD45A08}
		{E07541B6-55FF-4134-B937-1C62821EE5FB} = {C0D86BBA-36D0-4849-AC6A-BC920DD45A08}
		{BB04BA24-E88D-4697-B55C-7C518AFD6BF8} = {C0D86BBA-36D0-4849-AC6A-BC920DD45A08}
		{A51B7AB5-82CB-41E4-970A-2034F81EE3FA} = {C0D86BBA-36D0-4849-AC6A-BC920DD45A08}
	EndGlobalSection
	GlobalSection(ExtensibilityGlobals) = postSolution
		SolutionGuid = {19903190-D5CE-48C5-B616-8E829B2B3E6C}
	EndGlobalSection
EndGlobal
