<?xml version="1.0" encoding="utf-8"?>
<Project ToolsVersion="4.0" xmlns="http://schemas.microsoft.com/developer/msbuild/2003">
  <ItemGroup>
    <Filter Include="Source Files">
      <UniqueIdentifier>{4FC737F1-C7A5-4376-A066-2A32D752A2FF}</UniqueIdentifier>
      <Extensions>cpp;c;cc;cxx;def;odl;idl;hpj;bat;asm;asmx</Extensions>
    </Filter>
    <Filter Include="Header Files">
      <UniqueIdentifier>{93995380-89BD-4b04-88EB-625FBE52EBFB}</UniqueIdentifier>
      <Extensions>h;hh;hpp;hxx;hm;inl;inc;xsd</Extensions>
    </Filter>
    <Filter Include="Resource Files">
      <UniqueIdentifier>{67DA6AB6-F800-4c08-8B7A-83BB121AAD01}</UniqueIdentifier>
      <Extensions>rc;ico;cur;bmp;dlg;rc2;rct;bin;rgs;gif;jpg;jpeg;jpe;resx;tiff;tif;png;wav;mfcribbon-ms</Extensions>
    </Filter>
  </ItemGroup>
  <ItemGroup>
    <ClInclude Include="Headers\Time\Clock.h">
      <Filter>Header Files</Filter>
    </ClInclude>
    <ClInclude Include="Headers\FileSystem\Directory.h">
      <Filter>Header Files</Filter>
    </ClInclude>
    <ClInclude Include="Headers\FileSystem\File.h">
      <Filter>Header Files</Filter>
    </ClInclude>
    <ClInclude Include="Headers\FileSystem\Path.h">
      <Filter>Header Files</Filter>
    </ClInclude>
    <ClInclude Include="Headers\Utils\StringUtils.h">
      <Filter>Header Files</Filter>
    </ClInclude>
    <ClInclude Include="Headers\Rendering\Renderer.h">
      <Filter>Header Files</Filter>
    </ClInclude>
    <ClInclude Include="Headers\Rendering\SpriteRenderer.h">
      <Filter>Header Files</Filter>
    </ClInclude>
    <ClInclude Include="Headers\Objects\Component.h">
      <Filter>Header Files</Filter>
    </ClInclude>
    <ClInclude Include="Headers\Resources\ResourceManager.h">
      <Filter>Header Files</Filter>
    </ClInclude>
    <ClInclude Include="Headers\Objects\GameObject.h">
      <Filter>Header Files</Filter>
    </ClInclude>
    <ClInclude Include="Headers\Maths\RandomGenerator.h">
      <Filter>Header Files</Filter>
    </ClInclude>
    <ClInclude Include="Headers\Maths\Ray.h">
      <Filter>Header Files</Filter>
    </ClInclude>
    <ClInclude Include="Headers\Maths\Rectangle.h">
      <Filter>Header Files</Filter>
    </ClInclude>
    <ClInclude Include="Headers\Maths\Transform.h">
      <Filter>Header Files</Filter>
    </ClInclude>
    <ClInclude Include="Headers\Audio\AudioManager.h">
      <Filter>Header Files</Filter>
    </ClInclude>
    <ClInclude Include="Headers\Audio\AudioSource.h">
      <Filter>Header Files</Filter>
    </ClInclude>
    <ClInclude Include="Headers\Physics\Collider.h">
      <Filter>Header Files</Filter>
    </ClInclude>
    <ClInclude Include="Headers\Physics\PhysicsManager.h">
      <Filter>Header Files</Filter>
    </ClInclude>
    <ClInclude Include="Headers\Physics\RectangleCollider.h">
      <Filter>Header Files</Filter>
    </ClInclude>
    <ClInclude Include="Headers\Physics\RigidBody2D.h">
      <Filter>Header Files</Filter>
    </ClInclude>
    <ClInclude Include="Headers\Input\MouseInteractionHandler.h">
      <Filter>Header Files</Filter>
    </ClInclude>
    <ClInclude Include="Headers\Screens\Screen.h">
      <Filter>Header Files</Filter>
    </ClInclude>
    <ClInclude Include="Headers\Screens\ScreenManager.h">
      <Filter>Header Files</Filter>
    </ClInclude>
    <ClInclude Include="Headers\Rendering\TextRenderer.h">
      <Filter>Header Files</Filter>
    </ClInclude>
    <ClInclude Include="Headers\Viewport\Camera.h">
      <Filter>Header Files</Filter>
    </ClInclude>
    <ClInclude Include="Headers\UI\Button.h">
      <Filter>Header Files</Filter>
    </ClInclude>
    <ClInclude Include="Headers\UI\StackPanel.h">
      <Filter>Header Files</Filter>
    </ClInclude>
    <ClInclude Include="Headers\Animation\AnimationState.h">
      <Filter>Header Files</Filter>
    </ClInclude>
    <ClInclude Include="Headers\Animation\StateMachine.h">
      <Filter>Header Files</Filter>
    </ClInclude>
    <ClInclude Include="Headers\Resources\Shaders\Shader.h">
      <Filter>Header Files</Filter>
    </ClInclude>
    <ClInclude Include="Headers\Resources\Shaders\Program.h">
      <Filter>Header Files</Filter>
    </ClInclude>
    <ClInclude Include="Headers\Resources\Shaders\FragmentShader.h">
      <Filter>Header Files</Filter>
    </ClInclude>
    <ClInclude Include="Headers\Resources\Shaders\VertexShader.h">
      <Filter>Header Files</Filter>
    </ClInclude>
    <ClInclude Include="Headers\Resources\Resource.h">
      <Filter>Header Files</Filter>
    </ClInclude>
    <ClInclude Include="Headers\Resources\ResourceLoader.h">
      <Filter>Header Files</Filter>
    </ClInclude>
    <ClInclude Include="Headers\Game\Game.h">
      <Filter>Header Files</Filter>
    </ClInclude>
    <ClInclude Include="Headers\Viewport\OpenGLWindow.h">
      <Filter>Header Files</Filter>
    </ClInclude>
    <ClInclude Include="Headers\Input\InputManager.h">
      <Filter>Header Files</Filter>
    </ClInclude>
    <ClInclude Include="Headers\Input\Keyboard.h">
      <Filter>Header Files</Filter>
    </ClInclude>
    <ClInclude Include="Headers\Input\Mouse.h">
      <Filter>Header Files</Filter>
    </ClInclude>
    <ClInclude Include="Headers\Objects\Script.h">
      <Filter>Header Files</Filter>
    </ClInclude>
    <ClInclude Include="Headers\GraphicalFX\OpacityLerper.h">
      <Filter>Header Files</Filter>
    </ClInclude>
    <ClInclude Include="Headers\Objects\Object.h">
      <Filter>Header Files</Filter>
    </ClInclude>
    <ClInclude Include="Headers\Events\Event.h">
      <Filter>Header Files</Filter>
    </ClInclude>
    <ClInclude Include="Headers\Rendering\SpriteBatch.h">
      <Filter>Header Files</Filter>
    </ClInclude>
    <ClInclude Include="Headers\Input\KeyboardRigidBody2DController.h">
      <Filter>Header Files</Filter>
    </ClInclude>
    <ClInclude Include="Headers\DataConverters\DataConverter.h">
      <Filter>Header Files</Filter>
    </ClInclude>
    <ClInclude Include="Headers\Maths\Matrix.h">
      <Filter>Header Files</Filter>
    </ClInclude>
    <ClInclude Include="Headers\Screens\ScreenUtils.h">
      <Filter>Header Files</Filter>
    </ClInclude>
    <ClInclude Include="Headers\Memory\Allocators\AlignedAllocator.h">
      <Filter>Header Files</Filter>
    </ClInclude>
    <ClInclude Include="Headers\Memory\Allocators\DoubleBufferAllocator.h">
      <Filter>Header Files</Filter>
    </ClInclude>
    <ClInclude Include="Headers\Memory\Allocators\PoolAllocator.h">
      <Filter>Header Files</Filter>
    </ClInclude>
    <ClInclude Include="Headers\UI\LayoutEnums.h">
      <Filter>Header Files</Filter>
    </ClInclude>
    <ClInclude Include="Headers\UI\TextBox.h">
      <Filter>Header Files</Filter>
    </ClInclude>
    <ClInclude Include="Headers\Resources\Fonts\Font.h">
      <Filter>Header Files</Filter>
    </ClInclude>
    <ClInclude Include="Headers\Resources\Fonts\FontInstance.h">
      <Filter>Header Files</Filter>
    </ClInclude>
    <ClInclude Include="Headers\Resources\Fonts\Character.h">
      <Filter>Header Files</Filter>
    </ClInclude>
    <ClInclude Include="Headers\Animation\Animators\MoveToPositionAnimator.h">
      <Filter>Header Files</Filter>
    </ClInclude>
    <ClInclude Include="Headers\Maths\Vector.h">
      <Filter>Header Files</Filter>
    </ClInclude>
    <ClInclude Include="Headers\Events\EventTriggerer.h">
      <Filter>Header Files</Filter>
    </ClInclude>
    <ClInclude Include="Headers\ObjectFX\LimitedLifeTime.h">
      <Filter>Header Files</Filter>
    </ClInclude>
    <ClInclude Include="Headers\Input\InputEnums.h">
      <Filter>Header Files</Filter>
    </ClInclude>
    <ClInclude Include="Headers\Memory\Iterators\GameObjectIterator.h">
      <Filter>Header Files</Filter>
    </ClInclude>
    <ClInclude Include="Headers\UI\ProgressBar.h">
      <Filter>Header Files</Filter>
    </ClInclude>
    <ClInclude Include="Headers\Loading\LoadResourcesAsyncScript.h">
      <Filter>Header Files</Filter>
    </ClInclude>
    <ClInclude Include="Headers\Input\KeyboardActivator.h">
      <Filter>Header Files</Filter>
    </ClInclude>
    <ClInclude Include="Headers\Audio\AudioEnums.h">
      <Filter>Header Files</Filter>
    </ClInclude>
    <ClInclude Include="Headers\Audio\AudioUtils.h">
      <Filter>Header Files</Filter>
    </ClInclude>
    <ClInclude Include="Headers\UI\Slider.h">
      <Filter>Header Files</Filter>
    </ClInclude>
    <ClInclude Include="Headers\Physics\PhysicsUtils.h">
      <Filter>Header Files</Filter>
    </ClInclude>
    <ClInclude Include="Headers\Input\InputUtils.h">
      <Filter>Header Files</Filter>
    </ClInclude>
    <ClInclude Include="Headers\Animation\Animators\ChangeScaleAnimator.h">
      <Filter>Header Files</Filter>
    </ClInclude>
    <ClInclude Include="Headers\XML\SiblingXMLElementIterator.h">
      <Filter>Header Files</Filter>
    </ClInclude>
    <ClInclude Include="Headers\XML\tinyxml2_ext.h">
      <Filter>Header Files</Filter>
    </ClInclude>
    <ClInclude Include="Headers\XML\ChildXMLElementWalker.h">
      <Filter>Header Files</Filter>
    </ClInclude>
    <ClInclude Include="Headers\Templates\ChooseClass.h">
      <Filter>Header Files</Filter>
    </ClInclude>
    <ClInclude Include="Headers\Physics\SimulatedBody.h">
      <Filter>Header Files</Filter>
    </ClInclude>
    <ClInclude Include="Headers\Screens\Loading\ScreenLoader.h">
      <Filter>Header Files</Filter>
    </ClInclude>
    <ClInclude Include="Headers\DataConverters\Rendering\SpriteRendererDataConverter.h">
      <Filter>Header Files</Filter>
    </ClInclude>
    <ClInclude Include="Headers\DataConverters\Screens\ScreenDataConverter.h">
      <Filter>Header Files</Filter>
    </ClInclude>
    <ClInclude Include="Headers\DataConverters\GraphicalFX\OpacityLerperDataConverter.h">
      <Filter>Header Files</Filter>
    </ClInclude>
    <ClInclude Include="Headers\DataConverters\Objects\ComponentDataConverter.h">
      <Filter>Header Files</Filter>
    </ClInclude>
    <ClInclude Include="Headers\DataConverters\Objects\GameObjectDataConverter.h">
      <Filter>Header Files</Filter>
    </ClInclude>
    <ClInclude Include="Headers\DataConverters\Objects\ObjectDataConverter.h">
      <Filter>Header Files</Filter>
    </ClInclude>
    <ClInclude Include="Headers\XML\XMLEnums.h">
      <Filter>Header Files</Filter>
    </ClInclude>
    <ClInclude Include="Headers\DataConverters\ObjectFX\LimitedLifeTimeDataConverter.h">
      <Filter>Header Files</Filter>
    </ClInclude>
    <ClInclude Include="Headers\DataConverters\UI\ButtonDataConverter.h">
      <Filter>Header Files</Filter>
    </ClInclude>
    <ClInclude Include="Headers\DataConverters\UI\StackPanelDataConverter.h">
      <Filter>Header Files</Filter>
    </ClInclude>
    <ClInclude Include="Headers\DataConverters\Rendering\TextRendererDataConverter.h">
      <Filter>Header Files</Filter>
    </ClInclude>
    <ClInclude Include="Headers\DataConverters\Callbacks\CallbackDataConverter.h">
      <Filter>Header Files</Filter>
    </ClInclude>
    <ClInclude Include="Headers\DataConverters\Enums\ConverterEnums.h">
      <Filter>Header Files</Filter>
    </ClInclude>
    <ClInclude Include="Headers\XML\Attributes\Attribute.h">
      <Filter>Header Files</Filter>
    </ClInclude>
    <ClInclude Include="Headers\XML\Elements\Element.h">
      <Filter>Header Files</Filter>
    </ClInclude>
    <ClInclude Include="Headers\XML\Elements\ListElement.h">
      <Filter>Header Files</Filter>
    </ClInclude>
    <ClInclude Include="Headers\XML\XMLObject.h">
      <Filter>Header Files</Filter>
    </ClInclude>
    <ClInclude Include="Headers\DataConverters\UI\SliderDataConverter.h">
      <Filter>Header Files</Filter>
    </ClInclude>
    <ClInclude Include="Headers\Registries\ComponentRegistry.h">
      <Filter>Header Files</Filter>
    </ClInclude>
    <ClInclude Include="Headers\Registries\ComponentDataConverterRegistry.h">
      <Filter>Header Files</Filter>
    </ClInclude>
    <ClInclude Include="Headers\DataConverters\Physics\RectangleColliderDataConverter.h">
      <Filter>Header Files</Filter>
    </ClInclude>
    <ClInclude Include="Headers\DataConverters\Audio\AudioSourceDataConverter.h">
      <Filter>Header Files</Filter>
    </ClInclude>
    <ClInclude Include="Headers\DataConverters\Resources\PrefabDataConverter.h">
      <Filter>Header Files</Filter>
    </ClInclude>
    <ClInclude Include="Headers\Time\TimeUtils.h">
      <Filter>Header Files</Filter>
    </ClInclude>
    <ClInclude Include="Headers\Objects\ScriptableObject.h">
      <Filter>Header Files</Filter>
    </ClInclude>
    <ClInclude Include="Headers\Fields\Field.h">
      <Filter>Header Files</Filter>
    </ClInclude>
    <ClInclude Include="Headers\Fields\DataField.h">
      <Filter>Header Files</Filter>
    </ClInclude>
    <ClInclude Include="Headers\Deserialization\Deserializers.h">
      <Filter>Header Files</Filter>
    </ClInclude>
    <ClInclude Include="Headers\Serialization\Serializers.h">
      <Filter>Header Files</Filter>
    </ClInclude>
    <ClInclude Include="Headers\Settings\GameSettings.h">
      <Filter>Header Files</Filter>
    </ClInclude>
    <ClInclude Include="Headers\UID\StringId.h">
      <Filter>Header Files</Filter>
    </ClInclude>
    <ClInclude Include="Headers\UID\Guid.hpp">
      <Filter>Header Files</Filter>
    </ClInclude>
    <ClInclude Include="Headers\XML\Attributes\DataAttribute.h">
      <Filter>Header Files</Filter>
    </ClInclude>
    <ClInclude Include="Headers\Registries\ScriptableObjectRegistry.h">
      <Filter>Header Files</Filter>
    </ClInclude>
    <ClInclude Include="Headers\Bindings\BindingsGenerator.h">
      <Filter>Header Files</Filter>
    </ClInclude>
    <ClInclude Include="Headers\Bindings\BindingUtils.h">
      <Filter>Header Files</Filter>
    </ClInclude>
    <ClInclude Include="Headers\Templates\ctstring.h">
      <Filter>Header Files</Filter>
    </ClInclude>
    <ClInclude Include="Headers\Reflection\ITypeInfo.h">
      <Filter>Header Files</Filter>
    </ClInclude>
    <ClInclude Include="Headers\Reflection\Type.h">
      <Filter>Header Files</Filter>
    </ClInclude>
    <ClInclude Include="Headers\XML\Elements\DataElement.h">
      <Filter>Header Files</Filter>
    </ClInclude>
    <ClInclude Include="Headers\DataConverters\Physics\RigidBody2DDataConverter.h">
      <Filter>Header Files</Filter>
    </ClInclude>
    <ClInclude Include="Headers\OpenAL\OpenALState.h">
      <Filter>Header Files</Filter>
    </ClInclude>
    <ClInclude Include="Headers\Deserialization\InputDeserializers.h">
      <Filter>Header Files</Filter>
    </ClInclude>
    <ClInclude Include="Headers\Serialization\InputSerializers.h">
      <Filter>Header Files</Filter>
    </ClInclude>
    <ClInclude Include="Headers\Input\Key.h">
      <Filter>Header Files</Filter>
    </ClInclude>
    <ClInclude Include="Headers\Input\Utils\GlfwKeyConverter.h">
      <Filter>Header Files</Filter>
    </ClInclude>
    <ClInclude Include="Headers\Maths\MathsEnums.h">
      <Filter>Header Files</Filter>
    </ClInclude>
    <ClInclude Include="Headers\Utils\ToString.h">
      <Filter>Header Files</Filter>
    </ClInclude>
    <ClInclude Include="Headers\Deserialization\MathsDeserializers.h">
      <Filter>Header Files</Filter>
    </ClInclude>
    <ClInclude Include="Headers\Deserialization\UIDeserializers.h">
      <Filter>Header Files</Filter>
    </ClInclude>
    <ClInclude Include="Headers\Deserialization\AudioDeserializers.h">
      <Filter>Header Files</Filter>
    </ClInclude>
    <ClInclude Include="Headers\Serialization\MathsSerializers.h">
      <Filter>Header Files</Filter>
    </ClInclude>
    <ClInclude Include="Headers\DataConverters\Input\KeyboardRigidBody2DControllerDataConverter.h">
      <Filter>Header Files</Filter>
    </ClInclude>
    <ClInclude Include="Headers\Input\KeyboardTransformer.h">
      <Filter>Header Files</Filter>
    </ClInclude>
    <ClInclude Include="Headers\DataConverters\Input\KeyboardTransformerDataConverter.h">
      <Filter>Header Files</Filter>
    </ClInclude>
    <ClInclude Include="Headers\Lua\LuaState.h">
      <Filter>Header Files</Filter>
    </ClInclude>
    <ClInclude Include="Headers\Lua\ScriptCommands\Settings\GameSettingsScriptCommands.h">
      <Filter>Header Files</Filter>
    </ClInclude>
    <ClInclude Include="Headers\Lua\ScriptCommands\ScriptCommandUtils.h">
      <Filter>Header Files</Filter>
    </ClInclude>
    <ClInclude Include="Headers\Lua\ScriptCommands\Objects\ScriptableObjectScriptCommands.h">
      <Filter>Header Files</Filter>
    </ClInclude>
    <ClInclude Include="Headers\Resources\3D\Mesh.h">
      <Filter>Header Files</Filter>
    </ClInclude>
    <ClInclude Include="Headers\Resources\3D\Model.h">
      <Filter>Header Files</Filter>
    </ClInclude>
    <ClInclude Include="Headers\Resources\3D\Vertex.h">
      <Filter>Header Files</Filter>
    </ClInclude>
    <ClInclude Include="Headers\Resources\3D\Texture.h">
      <Filter>Header Files</Filter>
    </ClInclude>
    <ClInclude Include="Headers\Rendering\ModelRenderer.h">
      <Filter>Header Files</Filter>
    </ClInclude>
    <ClInclude Include="Headers\XML\Elements\DataConverterListElement.h">
      <Filter>Header Files</Filter>
    </ClInclude>
    <ClInclude Include="Headers\Resources\2D\Texture2D.h">
      <Filter>Header Files</Filter>
    </ClInclude>
    <ClInclude Include="Headers\Resources\Data\Data.h">
      <Filter>Header Files</Filter>
    </ClInclude>
    <ClInclude Include="Headers\Resources\Data\Prefab.h">
      <Filter>Header Files</Filter>
    </ClInclude>
    <ClInclude Include="Headers\Resources\2D\RawImageLoader.h">
      <Filter>Header Files</Filter>
    </ClInclude>
    <ClInclude Include="Headers\Resources\Audio\Sound.h">
      <Filter>Header Files</Filter>
    </ClInclude>
    <ClInclude Include="Headers\Lua\Components\LuaComponent.h">
      <Filter>Header Files</Filter>
    </ClInclude>
    <ClInclude Include="Headers\Lua\Components\LuaComponentManifest.h">
      <Filter>Header Files</Filter>
    </ClInclude>
    <ClInclude Include="Headers\Lua\Components\LuaComponentManifestRegistry.h">
      <Filter>Header Files</Filter>
    </ClInclude>
    <ClInclude Include="Headers\Lua\DataConverters\LuaComponentDataConverter.h">
      <Filter>Header Files</Filter>
    </ClInclude>
    <ClInclude Include="Headers\Lua\DataConverters\LuaComponentDataConverterRegistry.h">
      <Filter>Header Files</Filter>
    </ClInclude>
    <ClInclude Include="Headers\Lua\ScriptCommands\DataConverters\LuaComponentDataConverterScriptCommands.h">
      <Filter>Header Files</Filter>
    </ClInclude>
    <ClInclude Include="Headers\Lua\ScriptCommands\Objects\ComponentScriptCommands.h">
      <Filter>Header Files</Filter>
    </ClInclude>
    <ClInclude Include="Headers\Lua\ScriptCommands\DataConverters\DataConverterScriptCommands.h">
      <Filter>Header Files</Filter>
    </ClInclude>
    <ClInclude Include="Headers\Lua\ScriptCommands\XML\AttributeScriptCommands.h">
      <Filter>Header Files</Filter>
    </ClInclude>
    <ClInclude Include="Headers\Lua\ScriptCommands\XML\ElementScriptCommands.h">
      <Filter>Header Files</Filter>
    </ClInclude>
    <ClInclude Include="Headers\Lua\ScriptCommands\Maths\MathsScriptCommands.h">
      <Filter>Header Files</Filter>
    </ClInclude>
    <ClInclude Include="Headers\Lua\ScriptCommands\Maths\VectorScriptCommands.h">
      <Filter>Header Files</Filter>
    </ClInclude>
    <ClInclude Include="Headers\XML\XMLObjectFactory.h">
      <Filter>Header Files</Filter>
    </ClInclude>
    <ClInclude Include="Headers\Templates\XMLObjectTypeTraits.h">
      <Filter>Header Files</Filter>
    </ClInclude>
    <ClInclude Include="Headers\Animation\Animator.h">
      <Filter>Header Files</Filter>
    </ClInclude>
    <ClInclude Include="Headers\Lua\ScriptCommands\Animation\AnimatorScriptCommands.h">
      <Filter>Header Files</Filter>
    </ClInclude>
    <ClInclude Include="Headers\Animation\AnimationEnums.h">
      <Filter>Header Files</Filter>
    </ClInclude>
    <ClInclude Include="Headers\Physics\EllipseCollider.h">
      <Filter>Header Files</Filter>
    </ClInclude>
    <ClInclude Include="Headers\Maths\Ellipse.h">
      <Filter>Header Files</Filter>
    </ClInclude>
    <ClInclude Include="Headers\Lua\ScriptCommands\Physics\EllipseColliderScriptCommands.h">
      <Filter>Header Files</Filter>
    </ClInclude>
    <ClInclude Include="Headers\Lua\ScriptCommands\Physics\PhysicsScriptCommands.h">
      <Filter>Header Files</Filter>
    </ClInclude>
    <ClInclude Include="Headers\Maths\MathsUtils.h">
      <Filter>Header Files</Filter>
    </ClInclude>
    <ClInclude Include="Headers\Lua\ScriptCommands\Input\InputScriptCommands.h">
      <Filter>Header Files</Filter>
    </ClInclude>
    <ClInclude Include="Headers\Lua\ScriptCommands\Input\KeyboardActivatorScriptCommands.h">
      <Filter>Header Files</Filter>
    </ClInclude>
    <ClInclude Include="Headers\Input\KeyboardVisibility.h">
      <Filter>Header Files</Filter>
    </ClInclude>
    <ClInclude Include="Headers\Lua\ScriptCommands\Input\KeyboardVisibilityScriptCommands.h">
      <Filter>Header Files</Filter>
    </ClInclude>
    <ClInclude Include="Headers\Rendering\RenderManager.h">
      <Filter>Header Files</Filter>
    </ClInclude>
    <ClInclude Include="Headers\Viewport\ViewportEnums.h">
      <Filter>Header Files</Filter>
    </ClInclude>
    <ClInclude Include="Headers\Deserialization\ViewportDeserializers.h">
      <Filter>Header Files</Filter>
    </ClInclude>
    <ClInclude Include="Headers\Lua\ScriptCommands\Rendering\RenderingScriptCommands.h">
      <Filter>Header Files</Filter>
    </ClInclude>
    <ClInclude Include="Headers\Rendering\RenderUtils.h">
      <Filter>Header Files</Filter>
    </ClInclude>
    <ClInclude Include="Headers\Rendering\Canvas.h">
      <Filter>Header Files</Filter>
    </ClInclude>
    <ClInclude Include="Headers\Lua\ScriptCommands\Rendering\CanvasScriptCommands.h">
      <Filter>Header Files</Filter>
    </ClInclude>
    <ClInclude Include="Headers\Bindings\MathsDataBindingGenerators.h">
      <Filter>Header Files</Filter>
    </ClInclude>
    <ClInclude Include="Headers\Bindings\DataBindingGenerators.h">
      <Filter>Header Files</Filter>
    </ClInclude>
    <ClInclude Include="Headers\Bindings\InputDataBindingGenerators.h">
      <Filter>Header Files</Filter>
    </ClInclude>
    <ClInclude Include="Headers\Bindings\UIDataBindingGenerators.h">
      <Filter>Header Files</Filter>
    </ClInclude>
    <ClInclude Include="Headers\Bindings\AudioDataBindingGenerators.h">
      <Filter>Header Files</Filter>
    </ClInclude>
    <ClInclude Include="Headers\Lua\ScriptCommands\Audio\AudioSourceScriptCommands.h">
      <Filter>Header Files</Filter>
    </ClInclude>
    <ClInclude Include="Headers\Lua\ScriptCommands\Audio\AudioScriptCommands.h">
      <Filter>Header Files</Filter>
    </ClInclude>
    <ClInclude Include="Headers\Lua\ScriptCommands\XML\XMLObjectScriptCommands.h">
      <Filter>Header Files</Filter>
    </ClInclude>
    <ClInclude Include="Headers\Lua\ScriptCommands\XML\tinyxml2ScriptCommands.h">
      <Filter>Header Files</Filter>
    </ClInclude>
    <ClInclude Include="Headers\Lua\ScriptCommands\XML\XMLScriptCommands.h">
      <Filter>Header Files</Filter>
    </ClInclude>
    <ClInclude Include="Headers\Lua\ScriptCommands\Objects\ObjectScriptCommands.h">
      <Filter>Header Files</Filter>
    </ClInclude>
    <ClInclude Include="Headers\Lua\ScriptCommands\Objects\GameObjectScriptCommands.h">
      <Filter>Header Files</Filter>
    </ClInclude>
    <ClInclude Include="Headers\Lua\ScriptCommands\Screens\ScreenScriptCommands.h">
      <Filter>Header Files</Filter>
    </ClInclude>
    <ClInclude Include="Headers\Lua\ScriptCommands\Resources\ResourcesScriptCommands.h">
      <Filter>Header Files</Filter>
    </ClInclude>
    <ClInclude Include="Headers\Objects\Entity.h">
      <Filter>Header Files</Filter>
    </ClInclude>
    <ClInclude Include="Headers\Memory\Allocators\EntityAllocator.h">
      <Filter>Header Files</Filter>
    </ClInclude>
    <ClInclude Include="Headers\Lua\ScriptCommands\Objects\EntityScriptCommands.h">
      <Filter>Header Files</Filter>
    </ClInclude>
    <ClInclude Include="Headers\DataConverters\Objects\EntityDataConverter.h">
      <Filter>Header Files</Filter>
    </ClInclude>
    <ClInclude Include="Headers\Lua\ScriptCommands\Resources\Audio\SoundScriptCommands.h">
      <Filter>Header Files</Filter>
    </ClInclude>
    <ClInclude Include="Headers\Lua\ScriptCommands\DataConverters\Objects\ComponentDataConverterScriptCommands.h">
      <Filter>Header Files</Filter>
    </ClInclude>
    <ClInclude Include="Headers\Lua\ScriptCommands\Resources\2D\Texture2DScriptCommands.h">
      <Filter>Header Files</Filter>
    </ClInclude>
    <ClInclude Include="Headers\Lua\ScriptCommands\Resources\Data\DataScriptCommands.h">
      <Filter>Header Files</Filter>
    </ClInclude>
    <ClInclude Include="Headers\Lua\ScriptCommands\Resources\Data\PrefabScriptCommands.h">
      <Filter>Header Files</Filter>
    </ClInclude>
    <ClInclude Include="Headers\Lua\ScriptCommands\Resources\Fonts\FontScriptCommands.h">
      <Filter>Header Files</Filter>
    </ClInclude>
    <ClInclude Include="Headers\Lua\ScriptCommands\Resources\Shaders\ShaderScriptCommands.h">
      <Filter>Header Files</Filter>
    </ClInclude>
    <ClInclude Include="Headers\Lua\ScriptCommands\Resources\Shaders\VertexShaderScriptCommands.h">
      <Filter>Header Files</Filter>
    </ClInclude>
    <ClInclude Include="Headers\Lua\ScriptCommands\Resources\Shaders\FragmentShaderScriptCommands.h">
      <Filter>Header Files</Filter>
    </ClInclude>
    <ClInclude Include="Headers\Lua\ScriptCommands\Resources\3D\ModelScriptCommands.h">
      <Filter>Header Files</Filter>
    </ClInclude>
    <ClInclude Include="Headers\Reflection\TypeTraits.h">
      <Filter>Header Files</Filter>
    </ClInclude>
    <ClInclude Include="Headers\Lua\ScriptCommands\CoreScriptCommands.h">
      <Filter>Header Files</Filter>
    </ClInclude>
    <ClInclude Include="Headers\Lua\ScriptCommands\CelesteScriptCommands.h">
      <Filter>Header Files</Filter>
    </ClInclude>
    <ClInclude Include="Headers\Settings\WindowSettings.h">
      <Filter>Header Files</Filter>
    </ClInclude>
    <ClInclude Include="Headers\Lua\ScriptCommands\Settings\WindowSettingsScriptCommands.h">
      <Filter>Header Files</Filter>
    </ClInclude>
    <ClInclude Include="Headers\Resources\ResourceUtils.h">
      <Filter>Header Files</Filter>
    </ClInclude>
    <ClInclude Include="Headers\Lua\ScriptCommands\Lua\Components\LuaComponentManifestRegistryScriptCommands.h">
      <Filter>Header Files</Filter>
    </ClInclude>
    <ClInclude Include="Headers\Reflection\ReflectionUtils.h">
      <Filter>Header Files</Filter>
    </ClInclude>
    <ClInclude Include="Headers\System\Process.h">
      <Filter>Header Files</Filter>
    </ClInclude>
    <ClInclude Include="Headers\Media\Video.h">
      <Filter>Header Files</Filter>
    </ClInclude>
    <ClInclude Include="Headers\Lua\ScriptCommands\Media\VideoScriptCommands.h">
      <Filter>Header Files</Filter>
    </ClInclude>
    <ClInclude Include="Headers\OpenGL\GL.h">
      <Filter>Header Files</Filter>
    </ClInclude>
    <ClInclude Include="Headers\OpenGL\ManagedGLBuffer.h">
      <Filter>Header Files</Filter>
    </ClInclude>
    <ClInclude Include="Headers\Registries\RegistryAllocator.h">
      <Filter>Header Files</Filter>
    </ClInclude>
    <ClInclude Include="Headers\Registries\DefaultRegistryAllocator.h">
      <Filter>Header Files</Filter>
    </ClInclude>
    <ClInclude Include="Headers\UtilityHeaders\ComponentHeaders.h">
      <Filter>Header Files</Filter>
    </ClInclude>
    <ClInclude Include="Headers\UtilityHeaders\GLHeaders.h">
      <Filter>Header Files</Filter>
    </ClInclude>
    <ClInclude Include="Headers\UtilityHeaders\ALHeaders.h">
      <Filter>Header Files</Filter>
    </ClInclude>
    <ClInclude Include="Headers\Debug\Logging\Logger.h">
      <Filter>Header Files</Filter>
    </ClInclude>
    <ClInclude Include="Headers\Debug\Profiling\Profiler.h">
      <Filter>Header Files</Filter>
    </ClInclude>
    <ClInclude Include="Headers\Debug\Profiling\ProfilingBlock.h">
      <Filter>Header Files</Filter>
    </ClInclude>
    <ClInclude Include="Headers\Debug\Logging\ILogger.h">
      <Filter>Header Files</Filter>
    </ClInclude>
    <ClInclude Include="Headers\Debug\Profiling\IProfiler.h">
      <Filter>Header Files</Filter>
    </ClInclude>
    <ClInclude Include="Headers\UtilityHeaders\PlatformHeaders.h">
      <Filter>Header Files</Filter>
    </ClInclude>
    <ClInclude Include="Headers\UtilityHeaders\LuaHeaders.h">
      <Filter>Header Files</Filter>
    </ClInclude>
    <ClInclude Include="Headers\UtilityHeaders\ScriptCommandHeaders.h">
      <Filter>Header Files</Filter>
    </ClInclude>
    <ClInclude Include="Headers\Networking\NetworkUtils.h">
      <Filter>Header Files</Filter>
    </ClInclude>
    <ClInclude Include="Headers\UtilityHeaders\NetworkHeaders.h">
      <Filter>Header Files</Filter>
    </ClInclude>
    <ClInclude Include="Headers\Threads\ThreadPool.h">
      <Filter>Header Files</Filter>
    </ClInclude>
    <ClInclude Include="Headers\Media\VideoSettings.h">
      <Filter>Header Files</Filter>
    </ClInclude>
    <ClInclude Include="Headers\UtilityHeaders\ScriptableObjectHeaders.h">
      <Filter>Header Files</Filter>
    </ClInclude>
    <ClInclude Include="Headers\Lua\ScriptCommands\Input\MouseInteractionHandlerScriptCommands.h">
      <Filter>Header Files</Filter>
    </ClInclude>
    <ClInclude Include="Headers\Lua\ScriptCommands\ObjectFX\ObjectFXScriptCommands.h">
      <Filter>Header Files</Filter>
    </ClInclude>
    <ClInclude Include="Headers\Lua\ScriptCommands\ObjectFX\LimitedLifeTimeScriptCommands.h">
      <Filter>Header Files</Filter>
    </ClInclude>
    <ClInclude Include="Headers\Lua\ScriptCommands\Rendering\TextRendererScriptCommands.h">
      <Filter>Header Files</Filter>
    </ClInclude>
    <ClInclude Include="Headers\UtilityHeaders\CallbackHeaders.h">
      <Filter>Header Files</Filter>
    </ClInclude>
    <ClInclude Include="Headers\Debug\Log.h">
      <Filter>Header Files</Filter>
    </ClInclude>
    <ClInclude Include="Headers\Debug\Profile.h">
      <Filter>Header Files</Filter>
    </ClInclude>
    <ClInclude Include="Headers\Debug\Asserting\DebugAsserter.h">
      <Filter>Header Files</Filter>
    </ClInclude>
    <ClInclude Include="Headers\Debug\Asserting\NullAsserter.h">
      <Filter>Header Files</Filter>
    </ClInclude>
    <ClInclude Include="Headers\Debug\Asserting\Pow2Assert.h">
      <Filter>Header Files</Filter>
    </ClInclude>
    <ClInclude Include="Headers\Debug\Profiling\FPSCounter.h">
      <Filter>Header Files</Filter>
    </ClInclude>
    <ClInclude Include="Headers\Debug\Asserting\IAsserter.h">
      <Filter>Header Files</Filter>
    </ClInclude>
    <ClInclude Include="Headers\Debug\Assert.h">
      <Filter>Header Files</Filter>
    </ClInclude>
    <ClInclude Include="Headers\UtilityMacros\ComponentMacros.h">
      <Filter>Header Files</Filter>
    </ClInclude>
    <ClInclude Include="Headers\UtilityMacros\ScriptableObjectMacros.h">
      <Filter>Header Files</Filter>
    </ClInclude>
    <ClInclude Include="Headers\UtilityMacros\ComponentDataConverterMacros.h">
      <Filter>Header Files</Filter>
    </ClInclude>
    <ClInclude Include="Headers\Lua\ScriptCommands\UI\UIScriptCommands.h">
      <Filter>Header Files</Filter>
    </ClInclude>
    <ClInclude Include="Headers\Lua\ScriptCommands\UI\StackPanelScriptCommands.h">
      <Filter>Header Files</Filter>
    </ClInclude>
    <ClInclude Include="Headers\Lua\ScriptCommands\UI\ProgressBarScriptCommands.h">
      <Filter>Header Files</Filter>
    </ClInclude>
    <ClInclude Include="Headers\Lua\ScriptCommands\Maths\TransformScriptCommands.h">
      <Filter>Header Files</Filter>
    </ClInclude>
    <ClInclude Include="Headers\Lua\ScriptCommands\Rendering\SpriteRendererScriptCommands.h">
      <Filter>Header Files</Filter>
    </ClInclude>
    <ClInclude Include="Headers\Lua\ScriptCommands\UI\SliderScriptCommands.h">
      <Filter>Header Files</Filter>
    </ClInclude>
    <ClInclude Include="Headers\Lua\Components\LuaComponentManifestRegistryAllocator.h">
      <Filter>Header Files</Filter>
    </ClInclude>
    <ClInclude Include="Headers\Memory\ObserverPtr.h">
      <Filter>Header Files</Filter>
    </ClInclude>
    <ClInclude Include="Headers\DataConverters\Objects\ScriptableObjectDataConverter.h">
      <Filter>Header Files</Filter>
    </ClInclude>
    <ClInclude Include="Headers\Memory\Iterators\PoolAllocatorIterator.h">
      <Filter>Header Files</Filter>
    </ClInclude>
    <ClInclude Include="Headers\Memory\Iterators\EntityAllocatorIterator.h">
      <Filter>Header Files</Filter>
    </ClInclude>
    <ClInclude Include="Headers\CelesteDllExport.h">
      <Filter>Header Files</Filter>
    </ClInclude>
    <ClInclude Include="Headers\UtilityMacros\CustomMemoryMacros.h">
      <Filter>Header Files</Filter>
    </ClInclude>
  </ItemGroup>
  <ItemGroup>
    <ClCompile Include="Source\Time\Clock.cpp">
      <Filter>Source Files</Filter>
    </ClCompile>
    <ClCompile Include="Source\FileSystem\Directory.cpp">
      <Filter>Source Files</Filter>
    </ClCompile>
    <ClCompile Include="Source\FileSystem\File.cpp">
      <Filter>Source Files</Filter>
    </ClCompile>
    <ClCompile Include="Source\FileSystem\Path.cpp">
      <Filter>Source Files</Filter>
    </ClCompile>
    <ClCompile Include="Source\Utils\StringUtils.cpp">
      <Filter>Source Files</Filter>
    </ClCompile>
    <ClCompile Include="Source\Objects\Component.cpp">
      <Filter>Source Files</Filter>
    </ClCompile>
    <ClCompile Include="Source\Memory\AlignedAllocator.cpp">
      <Filter>Source Files</Filter>
    </ClCompile>
    <ClCompile Include="Source\Objects\GameObject.cpp">
      <Filter>Source Files</Filter>
    </ClCompile>
    <ClCompile Include="Source\Resources\ResourceManager.cpp">
      <Filter>Source Files</Filter>
    </ClCompile>
    <ClCompile Include="Source\Audio\AudioManager.cpp">
      <Filter>Source Files</Filter>
    </ClCompile>
    <ClCompile Include="Source\Audio\AudioSource.cpp">
      <Filter>Source Files</Filter>
    </ClCompile>
    <ClCompile Include="Source\Input\InputManager.cpp">
      <Filter>Source Files</Filter>
    </ClCompile>
    <ClCompile Include="Source\Input\MouseInteractionHandler.cpp">
      <Filter>Source Files</Filter>
    </ClCompile>
    <ClCompile Include="Source\Physics\Collider.cpp">
      <Filter>Source Files</Filter>
    </ClCompile>
    <ClCompile Include="Source\Physics\PhysicsManager.cpp">
      <Filter>Source Files</Filter>
    </ClCompile>
    <ClCompile Include="Source\Physics\RectangleCollider.cpp">
      <Filter>Source Files</Filter>
    </ClCompile>
    <ClCompile Include="Source\Physics\RigidBody2D.cpp">
      <Filter>Source Files</Filter>
    </ClCompile>
    <ClCompile Include="Source\Screens\Screen.cpp">
      <Filter>Source Files</Filter>
    </ClCompile>
    <ClCompile Include="Source\Screens\ScreenManager.cpp">
      <Filter>Source Files</Filter>
    </ClCompile>
    <ClCompile Include="Source\Viewport\Camera.cpp">
      <Filter>Source Files</Filter>
    </ClCompile>
    <ClCompile Include="Source\UI\Button.cpp">
      <Filter>Source Files</Filter>
    </ClCompile>
    <ClCompile Include="Source\UI\StackPanel.cpp">
      <Filter>Source Files</Filter>
    </ClCompile>
    <ClCompile Include="Source\Animation\AnimationState.cpp">
      <Filter>Source Files</Filter>
    </ClCompile>
    <ClCompile Include="Source\Animation\StateMachine.cpp">
      <Filter>Source Files</Filter>
    </ClCompile>
    <ClCompile Include="Source\Resources\Shaders\Shader.cpp">
      <Filter>Source Files</Filter>
    </ClCompile>
    <ClCompile Include="Source\Resources\Shaders\Program.cpp">
      <Filter>Source Files</Filter>
    </ClCompile>
    <ClCompile Include="Source\Game\Game.cpp">
      <Filter>Source Files</Filter>
    </ClCompile>
    <ClCompile Include="Source\Maths\Rectangle.cpp">
      <Filter>Source Files</Filter>
    </ClCompile>
    <ClCompile Include="Source\Maths\Transform.cpp">
      <Filter>Source Files</Filter>
    </ClCompile>
    <ClCompile Include="Source\Viewport\OpenGLWindow.cpp">
      <Filter>Source Files</Filter>
    </ClCompile>
    <ClCompile Include="Source\Input\Keyboard.cpp">
      <Filter>Source Files</Filter>
    </ClCompile>
    <ClCompile Include="Source\Input\Mouse.cpp">
      <Filter>Source Files</Filter>
    </ClCompile>
    <ClCompile Include="Source\GraphicalFX\OpacityLerper.cpp">
      <Filter>Source Files</Filter>
    </ClCompile>
    <ClCompile Include="Source\Input\KeyboardRigidBody2DController.cpp">
      <Filter>Source Files</Filter>
    </ClCompile>
    <ClCompile Include="Source\DataConverters\tinyxml2_ext.cpp">
      <Filter>Source Files</Filter>
    </ClCompile>
    <ClCompile Include="Source\Maths\Matrix.cpp">
      <Filter>Source Files</Filter>
    </ClCompile>
    <ClCompile Include="Source\Screens\ScreenUtils.cpp">
      <Filter>Source Files</Filter>
    </ClCompile>
    <ClCompile Include="Source\UI\TextBox.cpp">
      <Filter>Source Files</Filter>
    </ClCompile>
    <ClCompile Include="Source\Resources\Fonts\Font.cpp">
      <Filter>Source Files</Filter>
    </ClCompile>
    <ClCompile Include="Source\Resources\Fonts\FontInstance.cpp">
      <Filter>Source Files</Filter>
    </ClCompile>
    <ClCompile Include="Source\Animation\Animators\MoveToPositionAnimator.cpp">
      <Filter>Source Files</Filter>
    </ClCompile>
    <ClCompile Include="Source\Events\EventTriggerer.cpp">
      <Filter>Source Files</Filter>
    </ClCompile>
    <ClCompile Include="Source\ObjectFX\LimitedLifeTime.cpp">
      <Filter>Source Files</Filter>
    </ClCompile>
    <ClCompile Include="Source\Loading\LoadResourcesAsyncScript.cpp">
      <Filter>Source Files</Filter>
    </ClCompile>
    <ClCompile Include="Source\UI\ProgressBar.cpp">
      <Filter>Source Files</Filter>
    </ClCompile>
    <ClCompile Include="Source\Input\KeyboardActivator.cpp">
      <Filter>Source Files</Filter>
    </ClCompile>
    <ClCompile Include="Source\Audio\AudioUtils.cpp">
      <Filter>Source Files</Filter>
    </ClCompile>
    <ClCompile Include="Source\UI\Slider.cpp">
      <Filter>Source Files</Filter>
    </ClCompile>
    <ClCompile Include="Source\Physics\PhysicsUtils.cpp">
      <Filter>Source Files</Filter>
    </ClCompile>
    <ClCompile Include="Source\Input\InputUtils.cpp">
      <Filter>Source Files</Filter>
    </ClCompile>
    <ClCompile Include="Source\Animation\Animators\ChangeScaleAnimator.cpp">
      <Filter>Source Files</Filter>
    </ClCompile>
    <ClCompile Include="Source\Rendering\Renderer.cpp">
      <Filter>Source Files</Filter>
    </ClCompile>
    <ClCompile Include="Source\Rendering\SpriteBatch.cpp">
      <Filter>Source Files</Filter>
    </ClCompile>
    <ClCompile Include="Source\Rendering\SpriteRenderer.cpp">
      <Filter>Source Files</Filter>
    </ClCompile>
    <ClCompile Include="Source\Rendering\TextRenderer.cpp">
      <Filter>Source Files</Filter>
    </ClCompile>
    <ClCompile Include="Source\Screens\Loading\ScreenLoader.cpp">
      <Filter>Source Files</Filter>
    </ClCompile>
    <ClCompile Include="Source\DataConverters\Rendering\SpriteRendererDataConverter.cpp">
      <Filter>Source Files</Filter>
    </ClCompile>
    <ClCompile Include="Source\DataConverters\Objects\GameObjectDataConverter.cpp">
      <Filter>Source Files</Filter>
    </ClCompile>
    <ClCompile Include="Source\DataConverters\Screens\ScreenDataConverter.cpp">
      <Filter>Source Files</Filter>
    </ClCompile>
    <ClCompile Include="Source\DataConverters\GraphicalFX\OpacityLerperDataConverter.cpp">
      <Filter>Source Files</Filter>
    </ClCompile>
    <ClCompile Include="Source\DataConverters\DataConverter.cpp">
      <Filter>Source Files</Filter>
    </ClCompile>
    <ClCompile Include="Source\DataConverters\ObjectFX\LimitedLifeTimeDataConverter.cpp">
      <Filter>Source Files</Filter>
    </ClCompile>
    <ClCompile Include="Source\DataConverters\UI\ButtonDataConverter.cpp">
      <Filter>Source Files</Filter>
    </ClCompile>
    <ClCompile Include="Source\DataConverters\UI\StackPanelDataConverter.cpp">
      <Filter>Source Files</Filter>
    </ClCompile>
    <ClCompile Include="Source\DataConverters\Rendering\TextRendererDataConverter.cpp">
      <Filter>Source Files</Filter>
    </ClCompile>
    <ClCompile Include="Source\DataConverters\Callbacks\CallbackDataConverter.cpp">
      <Filter>Source Files</Filter>
    </ClCompile>
    <ClCompile Include="Source\DataConverters\UI\SliderDataConverter.cpp">
      <Filter>Source Files</Filter>
    </ClCompile>
    <ClCompile Include="Source\Registries\ComponentRegistry.cpp">
      <Filter>Source Files</Filter>
    </ClCompile>
    <ClCompile Include="Source\Registries\ComponentDataConverterRegistry.cpp">
      <Filter>Source Files</Filter>
    </ClCompile>
    <ClCompile Include="Source\DataConverters\Physics\RectangleColliderDataConverter.cpp">
      <Filter>Source Files</Filter>
    </ClCompile>
    <ClCompile Include="Source\DataConverters\Audio\AudioSourceDataConverter.cpp">
      <Filter>Source Files</Filter>
    </ClCompile>
    <ClCompile Include="Source\DataConverters\Resources\PrefabDataConverter.cpp">
      <Filter>Source Files</Filter>
    </ClCompile>
    <ClCompile Include="Source\Time\TimeUtils.cpp">
      <Filter>Source Files</Filter>
    </ClCompile>
    <ClCompile Include="Source\Maths\RandomGenerator.cpp">
      <Filter>Source Files</Filter>
    </ClCompile>
    <ClCompile Include="Source\Objects\ScriptableObject.cpp">
      <Filter>Source Files</Filter>
    </ClCompile>
    <ClCompile Include="Source\Deserialization\Deserializers.cpp">
      <Filter>Source Files</Filter>
    </ClCompile>
    <ClCompile Include="Source\Settings\GameSettings.cpp">
      <Filter>Source Files</Filter>
    </ClCompile>
    <ClCompile Include="Source\UID\StringId.cpp">
      <Filter>Source Files</Filter>
    </ClCompile>
    <ClCompile Include="Source\UID\Guid.cpp">
      <Filter>Source Files</Filter>
    </ClCompile>
    <ClCompile Include="Source\Bindings\BindingsGenerator.cpp">
      <Filter>Source Files</Filter>
    </ClCompile>
    <ClCompile Include="Source\Registries\ScriptableObjectRegistry.cpp">
      <Filter>Source Files</Filter>
    </ClCompile>
    <ClCompile Include="Source\Serialization\Serializers.cpp">
      <Filter>Source Files</Filter>
    </ClCompile>
    <ClCompile Include="Source\Bindings\BindingUtils.cpp">
      <Filter>Source Files</Filter>
    </ClCompile>
    <ClCompile Include="Source\DataConverters\Physics\RigidBody2DDataConverter.cpp">
      <Filter>Source Files</Filter>
    </ClCompile>
    <ClCompile Include="Source\OpenAL\OpenALState.cpp">
      <Filter>Source Files</Filter>
    </ClCompile>
    <ClCompile Include="Source\Deserialization\InputDeserializers.cpp">
      <Filter>Source Files</Filter>
    </ClCompile>
    <ClCompile Include="Source\Serialization\InputSerializers.cpp">
      <Filter>Source Files</Filter>
    </ClCompile>
    <ClCompile Include="Source\Input\Utils\GlfwKeyConverter.cpp">
      <Filter>Source Files</Filter>
    </ClCompile>
    <ClCompile Include="Source\Maths\MathsEnums.cpp">
      <Filter>Source Files</Filter>
    </ClCompile>
    <ClCompile Include="Source\Input\InputEnums.cpp">
      <Filter>Source Files</Filter>
    </ClCompile>
    <ClCompile Include="Source\DataConverters\Input\KeyboardRigidBody2DControllerDataConverter.cpp">
      <Filter>Source Files</Filter>
    </ClCompile>
    <ClCompile Include="Source\Input\Key.cpp">
      <Filter>Source Files</Filter>
    </ClCompile>
    <ClCompile Include="Source\UI\LayoutEnums.cpp">
      <Filter>Source Files</Filter>
    </ClCompile>
    <ClCompile Include="Source\Deserialization\AudioDeserializers.cpp">
      <Filter>Source Files</Filter>
    </ClCompile>
    <ClCompile Include="Source\Deserialization\MathsDeserializers.cpp">
      <Filter>Source Files</Filter>
    </ClCompile>
    <ClCompile Include="Source\Deserialization\UIDeserializers.cpp">
      <Filter>Source Files</Filter>
    </ClCompile>
    <ClCompile Include="Source\Serialization\MathsSerializers.cpp">
      <Filter>Source Files</Filter>
    </ClCompile>
    <ClCompile Include="Source\Input\KeyboardTransformer.cpp">
      <Filter>Source Files</Filter>
    </ClCompile>
    <ClCompile Include="Source\DataConverters\Input\KeyboardTransformerDataConverter.cpp">
      <Filter>Source Files</Filter>
    </ClCompile>
    <ClCompile Include="Source\Lua\LuaState.cpp">
      <Filter>Source Files</Filter>
    </ClCompile>
    <ClCompile Include="Source\Lua\ScriptCommands\Settings\GameSettingsScriptCommands.cpp">
      <Filter>Source Files</Filter>
    </ClCompile>
    <ClCompile Include="Source\Lua\ScriptCommands\Objects\ScriptableObjectScriptCommands.cpp">
      <Filter>Source Files</Filter>
    </ClCompile>
    <ClCompile Include="Source\Resources\3D\Model.cpp">
      <Filter>Source Files</Filter>
    </ClCompile>
    <ClCompile Include="Source\Resources\3D\Mesh.cpp">
      <Filter>Source Files</Filter>
    </ClCompile>
    <ClCompile Include="Source\Rendering\ModelRenderer.cpp">
      <Filter>Source Files</Filter>
    </ClCompile>
    <ClCompile Include="Source\Lua\Components\LuaComponent.cpp">
      <Filter>Source Files</Filter>
    </ClCompile>
    <ClCompile Include="Source\Lua\Components\LuaComponentManifest.cpp">
      <Filter>Source Files</Filter>
    </ClCompile>
    <ClCompile Include="Source\Lua\Components\LuaComponentManifestRegistry.cpp">
      <Filter>Source Files</Filter>
    </ClCompile>
    <ClCompile Include="Source\Lua\DataConverters\LuaComponentDataConverter.cpp">
      <Filter>Source Files</Filter>
    </ClCompile>
    <ClCompile Include="Source\Lua\DataConverters\LuaComponentDataConverterRegistry.cpp">
      <Filter>Source Files</Filter>
    </ClCompile>
    <ClCompile Include="Source\Lua\ScriptCommands\DataConverters\LuaComponentDataConverterScriptCommands.cpp">
      <Filter>Source Files</Filter>
    </ClCompile>
    <ClCompile Include="Source\Lua\ScriptCommands\Objects\ComponentScriptCommands.cpp">
      <Filter>Source Files</Filter>
    </ClCompile>
    <ClCompile Include="Source\Lua\ScriptCommands\DataConverters\DataConverterScriptCommands.cpp">
      <Filter>Source Files</Filter>
    </ClCompile>
    <ClCompile Include="Source\Lua\ScriptCommands\XML\AttributeScriptCommands.cpp">
      <Filter>Source Files</Filter>
    </ClCompile>
    <ClCompile Include="Source\Lua\ScriptCommands\XML\ElementScriptCommands.cpp">
      <Filter>Source Files</Filter>
    </ClCompile>
    <ClCompile Include="Source\Lua\ScriptCommands\Maths\MathsScriptCommands.cpp">
      <Filter>Source Files</Filter>
    </ClCompile>
    <ClCompile Include="Source\Lua\ScriptCommands\Maths\VectorScriptCommands.cpp">
      <Filter>Source Files</Filter>
    </ClCompile>
    <ClCompile Include="Source\XML\Elements\DataConverterListElement.cpp">
      <Filter>Source Files</Filter>
    </ClCompile>
    <ClCompile Include="Source\Animation\Animator.cpp">
      <Filter>Source Files</Filter>
    </ClCompile>
    <ClCompile Include="Source\Lua\ScriptCommands\Animation\AnimatorScriptCommands.cpp">
      <Filter>Source Files</Filter>
    </ClCompile>
    <ClCompile Include="Source\Physics\EllipseCollider.cpp">
      <Filter>Source Files</Filter>
    </ClCompile>
    <ClCompile Include="Source\Lua\ScriptCommands\Physics\PhysicsScriptCommands.cpp">
      <Filter>Source Files</Filter>
    </ClCompile>
    <ClCompile Include="Source\Lua\ScriptCommands\Physics\EllipseColliderScriptCommands.cpp">
      <Filter>Source Files</Filter>
    </ClCompile>
    <ClCompile Include="Source\Maths\MathsUtils.cpp">
      <Filter>Source Files</Filter>
    </ClCompile>
    <ClCompile Include="Source\Lua\ScriptCommands\Input\KeyboardActivatorScriptCommands.cpp">
      <Filter>Source Files</Filter>
    </ClCompile>
    <ClCompile Include="Source\Lua\ScriptCommands\Input\InputScriptCommands.cpp">
      <Filter>Source Files</Filter>
    </ClCompile>
    <ClCompile Include="Source\Input\KeyboardVisibility.cpp">
      <Filter>Source Files</Filter>
    </ClCompile>
    <ClCompile Include="Source\Lua\ScriptCommands\Input\KeyboardVisibilityScriptCommands.cpp">
      <Filter>Source Files</Filter>
    </ClCompile>
    <ClCompile Include="Source\Rendering\RenderManager.cpp">
      <Filter>Source Files</Filter>
    </ClCompile>
    <ClCompile Include="Source\Viewport\ViewportEnums.cpp">
      <Filter>Source Files</Filter>
    </ClCompile>
    <ClCompile Include="Source\Deserialization\ViewportDeserializers.cpp">
      <Filter>Source Files</Filter>
    </ClCompile>
    <ClCompile Include="Source\Lua\ScriptCommands\Rendering\RenderingScriptCommands.cpp">
      <Filter>Source Files</Filter>
    </ClCompile>
    <ClCompile Include="Source\Rendering\RenderUtils.cpp">
      <Filter>Source Files</Filter>
    </ClCompile>
    <ClCompile Include="Source\Rendering\Canvas.cpp">
      <Filter>Source Files</Filter>
    </ClCompile>
    <ClCompile Include="Source\Lua\ScriptCommands\Rendering\CanvasScriptCommands.cpp">
      <Filter>Source Files</Filter>
    </ClCompile>
    <ClCompile Include="Source\Lua\ScriptCommands\Audio\AudioScriptCommands.cpp">
      <Filter>Source Files</Filter>
    </ClCompile>
    <ClCompile Include="Source\Lua\ScriptCommands\Audio\AudioSourceScriptCommands.cpp">
      <Filter>Source Files</Filter>
    </ClCompile>
    <ClCompile Include="Source\Lua\ScriptCommands\XML\XMLObjectScriptCommands.cpp">
      <Filter>Source Files</Filter>
    </ClCompile>
    <ClCompile Include="Source\Lua\ScriptCommands\XML\tinyxml2ScriptCommands.cpp">
      <Filter>Source Files</Filter>
    </ClCompile>
    <ClCompile Include="Source\Lua\ScriptCommands\XML\XMLScriptCommands.cpp">
      <Filter>Source Files</Filter>
    </ClCompile>
    <ClCompile Include="Source\Lua\ScriptCommands\Objects\ObjectScriptCommands.cpp">
      <Filter>Source Files</Filter>
    </ClCompile>
    <ClCompile Include="Source\Lua\ScriptCommands\Objects\GameObjectScriptCommands.cpp">
      <Filter>Source Files</Filter>
    </ClCompile>
    <ClCompile Include="Source\Lua\ScriptCommands\Screens\ScreenScriptCommands.cpp">
      <Filter>Source Files</Filter>
    </ClCompile>
    <ClCompile Include="Source\Lua\ScriptCommands\Resources\ResourcesScriptCommands.cpp">
      <Filter>Source Files</Filter>
    </ClCompile>
    <ClCompile Include="Source\Lua\ScriptCommands\Objects\EntityScriptCommands.cpp">
      <Filter>Source Files</Filter>
    </ClCompile>
    <ClCompile Include="Source\Resources\Audio\Sound.cpp">
      <Filter>Source Files</Filter>
    </ClCompile>
    <ClCompile Include="Source\Resources\2D\RawImageLoader.cpp">
      <Filter>Source Files</Filter>
    </ClCompile>
    <ClCompile Include="Source\Resources\2D\Texture2D.cpp">
      <Filter>Source Files</Filter>
    </ClCompile>
    <ClCompile Include="Source\Resources\Data\Data.cpp">
      <Filter>Source Files</Filter>
    </ClCompile>
    <ClCompile Include="Source\Resources\Data\Prefab.cpp">
      <Filter>Source Files</Filter>
    </ClCompile>
    <ClCompile Include="Source\Lua\ScriptCommands\Resources\Audio\SoundScriptCommands.cpp">
      <Filter>Source Files</Filter>
    </ClCompile>
    <ClCompile Include="Source\Lua\ScriptCommands\DataConverters\Objects\ComponentDataConverterScriptCommands.cpp">
      <Filter>Source Files</Filter>
    </ClCompile>
    <ClCompile Include="Source\Lua\ScriptCommands\Resources\2D\Texture2DScriptCommands.cpp">
      <Filter>Source Files</Filter>
    </ClCompile>
    <ClCompile Include="Source\Lua\ScriptCommands\Resources\Data\DataScriptCommands.cpp">
      <Filter>Source Files</Filter>
    </ClCompile>
    <ClCompile Include="Source\Lua\ScriptCommands\Resources\Data\PrefabScriptCommands.cpp">
      <Filter>Source Files</Filter>
    </ClCompile>
    <ClCompile Include="Source\Lua\ScriptCommands\Resources\Fonts\FontScriptCommands.cpp">
      <Filter>Source Files</Filter>
    </ClCompile>
    <ClCompile Include="Source\Lua\ScriptCommands\Resources\Shaders\VertexShaderScriptCommands.cpp">
      <Filter>Source Files</Filter>
    </ClCompile>
    <ClCompile Include="Source\Lua\ScriptCommands\Resources\Shaders\FragmentShaderScriptCommands.cpp">
      <Filter>Source Files</Filter>
    </ClCompile>
    <ClCompile Include="Source\Lua\ScriptCommands\Resources\3D\ModelScriptCommands.cpp">
      <Filter>Source Files</Filter>
    </ClCompile>
    <ClCompile Include="Source\Lua\ScriptCommands\CoreScriptCommands.cpp">
      <Filter>Source Files</Filter>
    </ClCompile>
    <ClCompile Include="Source\Lua\ScriptCommands\CelesteScriptCommands.cpp">
      <Filter>Source Files</Filter>
    </ClCompile>
    <ClCompile Include="Source\Lua\ScriptCommands\Settings\WindowSettingsScriptCommands.cpp">
      <Filter>Source Files</Filter>
    </ClCompile>
    <ClCompile Include="Source\Settings\WindowSettings.cpp">
      <Filter>Source Files</Filter>
    </ClCompile>
    <ClCompile Include="Source\Resources\ResourceUtils.cpp">
      <Filter>Source Files</Filter>
    </ClCompile>
    <ClCompile Include="Source\Lua\ScriptCommands\Lua\Components\LuaComponentManifestRegistryScriptCommands.cpp">
      <Filter>Source Files</Filter>
    </ClCompile>
    <ClCompile Include="Source\System\Process.cpp">
      <Filter>Source Files</Filter>
    </ClCompile>
    <ClCompile Include="Source\Media\Video.cpp">
      <Filter>Source Files</Filter>
    </ClCompile>
    <ClCompile Include="Source\Lua\ScriptCommands\Media\VideoScriptCommands.cpp">
      <Filter>Source Files</Filter>
    </ClCompile>
    <ClCompile Include="Source\OpenGL\GL.cpp">
      <Filter>Source Files</Filter>
    </ClCompile>
    <ClCompile Include="Source\OpenGL\ManagedGLBuffer.cpp">
      <Filter>Source Files</Filter>
    </ClCompile>
    <ClCompile Include="Source\Debug\Logging\Logger.cpp">
      <Filter>Source Files</Filter>
    </ClCompile>
    <ClCompile Include="Source\Debug\Profiling\Profiler.cpp">
      <Filter>Source Files</Filter>
    </ClCompile>
    <ClCompile Include="Source\Networking\NetworkUtils.cpp">
      <Filter>Source Files</Filter>
    </ClCompile>
    <ClCompile Include="Source\Lua\ScriptCommands\Input\MouseInteractionHandlerScriptCommands.cpp">
      <Filter>Source Files</Filter>
    </ClCompile>
    <ClCompile Include="Source\Lua\ScriptCommands\ObjectFX\LimitedLifeTimeScriptCommands.cpp">
      <Filter>Source Files</Filter>
    </ClCompile>
    <ClCompile Include="Source\Lua\ScriptCommands\ObjectFX\ObjectFXScriptCommands.cpp">
      <Filter>Source Files</Filter>
    </ClCompile>
    <ClCompile Include="Source\Lua\ScriptCommands\Rendering\TextRendererScriptCommands.cpp">
      <Filter>Source Files</Filter>
    </ClCompile>
    <ClCompile Include="Source\Debug\Asserting\DebugAsserter.cpp">
      <Filter>Source Files</Filter>
    </ClCompile>
    <ClCompile Include="Source\Debug\Asserting\Pow2Assert.cpp">
      <Filter>Source Files</Filter>
    </ClCompile>
    <ClCompile Include="Source\Debug\Profiling\FPSCounter.cpp">
      <Filter>Source Files</Filter>
    </ClCompile>
    <ClCompile Include="Source\Debug\Log.cpp">
      <Filter>Source Files</Filter>
    </ClCompile>
    <ClCompile Include="Source\Debug\Assert.cpp">
      <Filter>Source Files</Filter>
    </ClCompile>
    <ClCompile Include="Source\Debug\Profile.cpp">
      <Filter>Source Files</Filter>
    </ClCompile>
    <ClCompile Include="Source\Resources\Resource.cpp">
      <Filter>Source Files</Filter>
    </ClCompile>
    <ClCompile Include="Source\Lua\ScriptCommands\UI\UIScriptCommands.cpp">
      <Filter>Source Files</Filter>
    </ClCompile>
    <ClCompile Include="Source\Lua\ScriptCommands\UI\StackPanelScriptCommands.cpp">
      <Filter>Source Files</Filter>
    </ClCompile>
    <ClCompile Include="Source\Lua\ScriptCommands\UI\ProgressBarScriptCommands.cpp">
      <Filter>Source Files</Filter>
    </ClCompile>
    <ClCompile Include="Source\Lua\ScriptCommands\Maths\TransformScriptCommands.cpp">
      <Filter>Source Files</Filter>
    </ClCompile>
    <ClCompile Include="Source\Lua\ScriptCommands\Rendering\SpriteRendererScriptCommands.cpp">
      <Filter>Source Files</Filter>
    </ClCompile>
    <ClCompile Include="Source\Lua\ScriptCommands\UI\SliderScriptCommands.cpp">
      <Filter>Source Files</Filter>
    </ClCompile>
    <ClCompile Include="Source\Lua\Components\LuaComponentManifestRegistryAllocator.cpp">
      <Filter>Source Files</Filter>
    </ClCompile>
    <ClCompile Include="Source\Lua\ScriptCommands\Resources\Shaders\ShaderScriptCommands.cpp">
      <Filter>Source Files</Filter>
    </ClCompile>
    <ClCompile Include="Source\DataConverters\Objects\ScriptableObjectDataConverter.cpp">
      <Filter>Source Files</Filter>
    </ClCompile>
  </ItemGroup>
  <ItemGroup>
    <None Include="Resources\Shaders\Model.frag" />
    <None Include="Resources\Shaders\Model.vert" />
    <None Include="Resources\Scripts\Core\FileSystem\Path.lua" />
    <None Include="Resources\Scripts\DataConverters\Animation\AnimatorDataConverter.lua" />
    <None Include="Resources\Scripts\DataConverters\Input\KeyboardActivatorDataConverter.lua" />
    <None Include="Resources\Scripts\DataConverters\Input\KeyboardVisibilityDataConverter.lua" />
    <None Include="Resources\Scripts\DataConverters\Physics\EllipseColliderDataConverter.lua" />
    <None Include="Resources\Scripts\DataConverters\DataConverters.lua" />
    <None Include="Resources\Scripts\DataConverters\Rendering\CanvasDataConverter.lua" />
    <None Include="Resources\Scripts\DataConverters\Audio\AudioSourceDataConverter.lua" />
    <None Include="Common\Resources\Scripts\Game.lua" />
    <None Include="Common\Resources\Data\Screens\MainMenuScreen.asset" />
    <None Include="Common\Resources\Data\Screens\OptionsScreen.asset" />
    <None Include="Common\Resources\Data\Screens\SplashScreen.asset" />
    <None Include="Common\Resources\Data\Screens\StartupMusic.asset" />
    <None Include="Resources\Scripts\Core\Utils\Inspect.lua" />
    <None Include="Resources\Scripts\Objects\GameObject.lua" />
    <None Include="Build Events\CheckLuaFiles.bat">
      <Filter>Source Files</Filter>
    </None>
    <None Include="Build Events\CustomBuildStep.bat">
      <Filter>Source Files</Filter>
    </None>
  </ItemGroup>
  <ItemGroup>
    <Image Include="Resources\CelesteGamesLogo.png">
      <Filter>Resource Files</Filter>
    </Image>
    <Image Include="Resources\CelesteLogo.png">
      <Filter>Resource Files</Filter>
    </Image>
  </ItemGroup>
</Project>